PODS:
  - Realm (10.5.2):
    - Realm/Headers (= 10.5.2)
  - Realm/Headers (10.5.2)
  - RealmSwift (10.5.2):
    - Realm (= 10.5.2)

DEPENDENCIES:
  - RealmSwift (~> 10.5.1)

SPEC REPOS:
  trunk:
    - Realm
    - RealmSwift

SPEC CHECKSUMS:
  Realm: 2e1bc0d28301006176692da234deff51f867d5ae
  RealmSwift: a522ad39715e8b4e491af4460059bc32b84f5a9b

PODFILE CHECKSUM: 467b0ddd0ddba0cb85cb417c45adf6964d1140c6

COCOAPODS: 1.11.2
