// !$*UTF8*$!
{
	archiveVersion = 1;
	classes = {
	};
	objectVersion = 55;
	objects = {

/* Begin PBXBuildFile section */
		7F0A48E627509B5B00866926 /* AppDelegate.swift in Sources */ = {isa = PBXBuildFile; fileRef = 7F0A48E527509B5B00866926 /* AppDelegate.swift */; };
		7F0A48E827509B5B00866926 /* SceneDelegate.swift in Sources */ = {isa = PBXBuildFile; fileRef = 7F0A48E727509B5B00866926 /* SceneDelegate.swift */; };
		7F0A48EF27509B6000866926 /* Assets.xcassets in Resources */ = {isa = PBXBuildFile; fileRef = 7F0A48EE27509B6000866926 /* Assets.xcassets */; };
		7F0A48F227509B6000866926 /* LaunchScreen.storyboard in Resources */ = {isa = PBXBuildFile; fileRef = 7F0A48F027509B6000866926 /* LaunchScreen.storyboard */; };
		7F0A48FD27509B6000866926 /* PittanTests.swift in Sources */ = {isa = PBXBuildFile; fileRef = 7F0A48FC27509B6000866926 /* PittanTests.swift */; };
		7F0A490727509B6000866926 /* PittanUITests.swift in Sources */ = {isa = PBXBuildFile; fileRef = 7F0A490627509B6000866926 /* PittanUITests.swift */; };
		7F0A490927509B6000866926 /* PittanUITestsLaunchTests.swift in Sources */ = {isa = PBXBuildFile; fileRef = 7F0A490827509B6000866926 /* PittanUITestsLaunchTests.swift */; };
		7F0A491727509C3400866926 /* Realm in Frameworks */ = {isa = PBXBuildFile; productRef = 7F0A491627509C3400866926 /* Realm */; };
		7F0A491927509C3400866926 /* RealmSwift in Frameworks */ = {isa = PBXBuildFile; productRef = 7F0A491827509C3400866926 /* RealmSwift */; };
		7F1393F827585D8F001910EB /* AddPlaceViewController.swift in Sources */ = {isa = PBXBuildFile; fileRef = 7F1393F727585D8F001910EB /* AddPlaceViewController.swift */; };
		7F1393FA27586599001910EB /* UIStoryboard+Extension.swift in Sources */ = {isa = PBXBuildFile; fileRef = 7F1393F927586599001910EB /* UIStoryboard+Extension.swift */; };
		7F748DB127565C700086F26C /* CollectionViewLayout.swift in Sources */ = {isa = PBXBuildFile; fileRef = 7F748DB027565C700086F26C /* CollectionViewLayout.swift */; };
		7F748DB3275663D30086F26C /* UICollectionView+Extention.swift in Sources */ = {isa = PBXBuildFile; fileRef = 7F748DB2275663D30086F26C /* UICollectionView+Extention.swift */; };
		7F748DB92756658B0086F26C /* Reusable.swift in Sources */ = {isa = PBXBuildFile; fileRef = 7F748DB82756658B0086F26C /* Reusable.swift */; };
		7F748DBF27566A640086F26C /* UIColor+Extension.swift in Sources */ = {isa = PBXBuildFile; fileRef = 7F748DBE27566A640086F26C /* UIColor+Extension.swift */; };
		7FB0B3C12757C4BA00352C0B /* Product.swift in Sources */ = {isa = PBXBuildFile; fileRef = 7FB0B3C02757C4BA00352C0B /* Product.swift */; };
		7FB0B3C32757C6C100352C0B /* ProductImage.swift in Sources */ = {isa = PBXBuildFile; fileRef = 7FB0B3C22757C6C100352C0B /* ProductImage.swift */; };
		7FB0B3C52757C75200352C0B /* Place.swift in Sources */ = {isa = PBXBuildFile; fileRef = 7FB0B3C42757C75100352C0B /* Place.swift */; };
		7FB0B3C727585B6D00352C0B /* AddPlace.storyboard in Resources */ = {isa = PBXBuildFile; fileRef = 7FB0B3C627585B6D00352C0B /* AddPlace.storyboard */; };
		7FBCCBC9275796F7000F9F06 /* UIImage+Extension.swift in Sources */ = {isa = PBXBuildFile; fileRef = 7FBCCBC8275796F6000F9F06 /* UIImage+Extension.swift */; };
		7FBCCBCC275797E5000F9F06 /* AppImage.swift in Sources */ = {isa = PBXBuildFile; fileRef = 7FBCCBCB275797E5000F9F06 /* AppImage.swift */; };
		7FBCCBD22757C11E000F9F06 /* RealmManager.swift in Sources */ = {isa = PBXBuildFile; fileRef = 7FBCCBD12757C11E000F9F06 /* RealmManager.swift */; };
		7FD5186E2755435000C7642D /* Home.storyboard in Resources */ = {isa = PBXBuildFile; fileRef = 7FD5186D2755435000C7642D /* Home.storyboard */; };
		7FD518702755436000C7642D /* HomeViewController.swift in Sources */ = {isa = PBXBuildFile; fileRef = 7FD5186F2755436000C7642D /* HomeViewController.swift */; };
		7FD51875275622E400C7642D /* UIView+Extension.swift in Sources */ = {isa = PBXBuildFile; fileRef = 7FD51874275622E400C7642D /* UIView+Extension.swift */; };
		7FD5187C2756254100C7642D /* PlaceCell.swift in Sources */ = {isa = PBXBuildFile; fileRef = 7FD5187A2756254100C7642D /* PlaceCell.swift */; };
		7FD5187D2756254100C7642D /* PlaceCell.xib in Resources */ = {isa = PBXBuildFile; fileRef = 7FD5187B2756254100C7642D /* PlaceCell.xib */; };
/* End PBXBuildFile section */

/* Begin PBXContainerItemProxy section */
		7F0A48F927509B6000866926 /* PBXContainerItemProxy */ = {
			isa = PBXContainerItemProxy;
			containerPortal = 7F0A48DA27509B5B00866926 /* Project object */;
			proxyType = 1;
			remoteGlobalIDString = 7F0A48E127509B5B00866926;
			remoteInfo = Pittan;
		};
		7F0A490327509B6000866926 /* PBXContainerItemProxy */ = {
			isa = PBXContainerItemProxy;
			containerPortal = 7F0A48DA27509B5B00866926 /* Project object */;
			proxyType = 1;
			remoteGlobalIDString = 7F0A48E127509B5B00866926;
			remoteInfo = Pittan;
		};
/* End PBXContainerItemProxy section */

/* Begin PBXFileReference section */
		7F0A48E227509B5B00866926 /* Pittan.app */ = {isa = PBXFileReference; explicitFileType = wrapper.application; includeInIndex = 0; path = Pittan.app; sourceTree = BUILT_PRODUCTS_DIR; };
		7F0A48E527509B5B00866926 /* AppDelegate.swift */ = {isa = PBXFileReference; lastKnownFileType = sourcecode.swift; path = AppDelegate.swift; sourceTree = "<group>"; };
		7F0A48E727509B5B00866926 /* SceneDelegate.swift */ = {isa = PBXFileReference; lastKnownFileType = sourcecode.swift; path = SceneDelegate.swift; sourceTree = "<group>"; };
		7F0A48EE27509B6000866926 /* Assets.xcassets */ = {isa = PBXFileReference; lastKnownFileType = folder.assetcatalog; path = Assets.xcassets; sourceTree = "<group>"; };
		7F0A48F127509B6000866926 /* Base */ = {isa = PBXFileReference; lastKnownFileType = file.storyboard; name = Base; path = Base.lproj/LaunchScreen.storyboard; sourceTree = "<group>"; };
		7F0A48F327509B6000866926 /* Info.plist */ = {isa = PBXFileReference; lastKnownFileType = text.plist.xml; path = Info.plist; sourceTree = "<group>"; };
		7F0A48F827509B6000866926 /* PittanTests.xctest */ = {isa = PBXFileReference; explicitFileType = wrapper.cfbundle; includeInIndex = 0; path = PittanTests.xctest; sourceTree = BUILT_PRODUCTS_DIR; };
		7F0A48FC27509B6000866926 /* PittanTests.swift */ = {isa = PBXFileReference; lastKnownFileType = sourcecode.swift; path = PittanTests.swift; sourceTree = "<group>"; };
		7F0A490227509B6000866926 /* PittanUITests.xctest */ = {isa = PBXFileReference; explicitFileType = wrapper.cfbundle; includeInIndex = 0; path = PittanUITests.xctest; sourceTree = BUILT_PRODUCTS_DIR; };
		7F0A490627509B6000866926 /* PittanUITests.swift */ = {isa = PBXFileReference; lastKnownFileType = sourcecode.swift; path = PittanUITests.swift; sourceTree = "<group>"; };
		7F0A490827509B6000866926 /* PittanUITestsLaunchTests.swift */ = {isa = PBXFileReference; lastKnownFileType = sourcecode.swift; path = PittanUITestsLaunchTests.swift; sourceTree = "<group>"; };
		7F1393F727585D8F001910EB /* AddPlaceViewController.swift */ = {isa = PBXFileReference; lastKnownFileType = sourcecode.swift; path = AddPlaceViewController.swift; sourceTree = "<group>"; };
		7F1393F927586599001910EB /* UIStoryboard+Extension.swift */ = {isa = PBXFileReference; lastKnownFileType = sourcecode.swift; path = "UIStoryboard+Extension.swift"; sourceTree = "<group>"; };
		7F748DB027565C700086F26C /* CollectionViewLayout.swift */ = {isa = PBXFileReference; lastKnownFileType = sourcecode.swift; path = CollectionViewLayout.swift; sourceTree = "<group>"; };
		7F748DB2275663D30086F26C /* UICollectionView+Extention.swift */ = {isa = PBXFileReference; lastKnownFileType = sourcecode.swift; path = "UICollectionView+Extention.swift"; sourceTree = "<group>"; };
		7F748DB82756658B0086F26C /* Reusable.swift */ = {isa = PBXFileReference; lastKnownFileType = sourcecode.swift; path = Reusable.swift; sourceTree = "<group>"; };
		7F748DBE27566A640086F26C /* UIColor+Extension.swift */ = {isa = PBXFileReference; lastKnownFileType = sourcecode.swift; path = "UIColor+Extension.swift"; sourceTree = "<group>"; };
		7FB0B3C02757C4BA00352C0B /* Product.swift */ = {isa = PBXFileReference; lastKnownFileType = sourcecode.swift; path = Product.swift; sourceTree = "<group>"; };
		7FB0B3C22757C6C100352C0B /* ProductImage.swift */ = {isa = PBXFileReference; lastKnownFileType = sourcecode.swift; path = ProductImage.swift; sourceTree = "<group>"; };
		7FB0B3C42757C75100352C0B /* Place.swift */ = {isa = PBXFileReference; lastKnownFileType = sourcecode.swift; path = Place.swift; sourceTree = "<group>"; };
		7FB0B3C627585B6D00352C0B /* AddPlace.storyboard */ = {isa = PBXFileReference; lastKnownFileType = file.storyboard; path = AddPlace.storyboard; sourceTree = "<group>"; };
		7FBCCBC8275796F6000F9F06 /* UIImage+Extension.swift */ = {isa = PBXFileReference; lastKnownFileType = sourcecode.swift; path = "UIImage+Extension.swift"; sourceTree = "<group>"; };
		7FBCCBCB275797E5000F9F06 /* AppImage.swift */ = {isa = PBXFileReference; lastKnownFileType = sourcecode.swift; path = AppImage.swift; sourceTree = "<group>"; };
		7FBCCBD12757C11E000F9F06 /* RealmManager.swift */ = {isa = PBXFileReference; lastKnownFileType = sourcecode.swift; path = RealmManager.swift; sourceTree = "<group>"; };
		7FD5186D2755435000C7642D /* Home.storyboard */ = {isa = PBXFileReference; lastKnownFileType = file.storyboard; path = Home.storyboard; sourceTree = "<group>"; };
		7FD5186F2755436000C7642D /* HomeViewController.swift */ = {isa = PBXFileReference; lastKnownFileType = sourcecode.swift; path = HomeViewController.swift; sourceTree = "<group>"; };
		7FD51874275622E400C7642D /* UIView+Extension.swift */ = {isa = PBXFileReference; lastKnownFileType = sourcecode.swift; path = "UIView+Extension.swift"; sourceTree = "<group>"; };
		7FD5187A2756254100C7642D /* PlaceCell.swift */ = {isa = PBXFileReference; lastKnownFileType = sourcecode.swift; path = PlaceCell.swift; sourceTree = "<group>"; };
		7FD5187B2756254100C7642D /* PlaceCell.xib */ = {isa = PBXFileReference; lastKnownFileType = file.xib; path = PlaceCell.xib; sourceTree = "<group>"; };
/* End PBXFileReference section */

/* Begin PBXFrameworksBuildPhase section */
		7F0A48DF27509B5B00866926 /* Frameworks */ = {
			isa = PBXFrameworksBuildPhase;
			buildActionMask = 2147483647;
			files = (
				7F0A491927509C3400866926 /* RealmSwift in Frameworks */,
				7F0A491727509C3400866926 /* Realm in Frameworks */,
			);
			runOnlyForDeploymentPostprocessing = 0;
		};
		7F0A48F527509B6000866926 /* Frameworks */ = {
			isa = PBXFrameworksBuildPhase;
			buildActionMask = 2147483647;
			files = (
			);
			runOnlyForDeploymentPostprocessing = 0;
		};
		7F0A48FF27509B6000866926 /* Frameworks */ = {
			isa = PBXFrameworksBuildPhase;
			buildActionMask = 2147483647;
			files = (
			);
			runOnlyForDeploymentPostprocessing = 0;
		};
/* End PBXFrameworksBuildPhase section */

/* Begin PBXGroup section */
		7F0A48D927509B5B00866926 = {
			isa = PBXGroup;
			children = (
				7F0A48E427509B5B00866926 /* Pittan */,
				7F0A48FB27509B6000866926 /* PittanTests */,
				7F0A490527509B6000866926 /* PittanUITests */,
				7F0A48E327509B5B00866926 /* Products */,
			);
			sourceTree = "<group>";
		};
		7F0A48E327509B5B00866926 /* Products */ = {
			isa = PBXGroup;
			children = (
				7F0A48E227509B5B00866926 /* Pittan.app */,
				7F0A48F827509B6000866926 /* PittanTests.xctest */,
				7F0A490227509B6000866926 /* PittanUITests.xctest */,
			);
			name = Products;
			sourceTree = "<group>";
		};
		7F0A48E427509B5B00866926 /* Pittan */ = {
			isa = PBXGroup;
			children = (
				7F0A491A27509E0300866926 /* App */,
				7FD518832756422700C7642D /* Model */,
				7F0A491C27509E2800866926 /* View */,
				7F0A491B27509E0D00866926 /* ViewController */,
				7FD518712756214B00C7642D /* Extension */,
				7FD518802756408E00C7642D /* Protocol */,
				7F0A48EE27509B6000866926 /* Assets.xcassets */,
				7F0A48F327509B6000866926 /* Info.plist */,
			);
			path = Pittan;
			sourceTree = "<group>";
		};
		7F0A48FB27509B6000866926 /* PittanTests */ = {
			isa = PBXGroup;
			children = (
				7F0A48FC27509B6000866926 /* PittanTests.swift */,
			);
			path = PittanTests;
			sourceTree = "<group>";
		};
		7F0A490527509B6000866926 /* PittanUITests */ = {
			isa = PBXGroup;
			children = (
				7F0A490627509B6000866926 /* PittanUITests.swift */,
				7F0A490827509B6000866926 /* PittanUITestsLaunchTests.swift */,
			);
			path = PittanUITests;
			sourceTree = "<group>";
		};
		7F0A491A27509E0300866926 /* App */ = {
			isa = PBXGroup;
			children = (
				7F0A48E527509B5B00866926 /* AppDelegate.swift */,
				7F0A48E727509B5B00866926 /* SceneDelegate.swift */,
			);
			path = App;
			sourceTree = "<group>";
		};
		7F0A491B27509E0D00866926 /* ViewController */ = {
			isa = PBXGroup;
			children = (
				7FD5186F2755436000C7642D /* HomeViewController.swift */,
				7F1393F727585D8F001910EB /* AddPlaceViewController.swift */,
			);
			path = ViewController;
			sourceTree = "<group>";
		};
		7F0A491C27509E2800866926 /* View */ = {
			isa = PBXGroup;
			children = (
				7FD51879275624CD00C7642D /* Screen */,
				7FD518762756248100C7642D /* ColectionViewCell */,
			);
			path = View;
			sourceTree = "<group>";
		};
		7FBCCBCA275797AA000F9F06 /* Utility */ = {
			isa = PBXGroup;
			children = (
				7FBCCBCB275797E5000F9F06 /* AppImage.swift */,
			);
			path = Utility;
			sourceTree = "<group>";
		};
		7FBCCBCD2757A8A7000F9F06 /* Entity */ = {
			isa = PBXGroup;
			children = (
				7FB0B3C42757C75100352C0B /* Place.swift */,
				7FB0B3C02757C4BA00352C0B /* Product.swift */,
				7FB0B3C22757C6C100352C0B /* ProductImage.swift */,
			);
			path = Entity;
			sourceTree = "<group>";
		};
		7FBCCBD02757C10C000F9F06 /* Manager */ = {
			isa = PBXGroup;
			children = (
				7FBCCBD12757C11E000F9F06 /* RealmManager.swift */,
			);
			path = Manager;
			sourceTree = "<group>";
		};
		7FD518712756214B00C7642D /* Extension */ = {
			isa = PBXGroup;
			children = (
				7FD51874275622E400C7642D /* UIView+Extension.swift */,
				7F748DB2275663D30086F26C /* UICollectionView+Extention.swift */,
				7F748DBE27566A640086F26C /* UIColor+Extension.swift */,
				7FBCCBC8275796F6000F9F06 /* UIImage+Extension.swift */,
				7F1393F927586599001910EB /* UIStoryboard+Extension.swift */,
			);
			path = Extension;
			sourceTree = "<group>";
		};
		7FD518762756248100C7642D /* ColectionViewCell */ = {
			isa = PBXGroup;
			children = (
				7FD5187F2756255C00C7642D /* PlaceCell */,
			);
			path = ColectionViewCell;
			sourceTree = "<group>";
		};
		7FD51879275624CD00C7642D /* Screen */ = {
			isa = PBXGroup;
			children = (
				7F0A48F027509B6000866926 /* LaunchScreen.storyboard */,
				7FD5186D2755435000C7642D /* Home.storyboard */,
				7FB0B3C627585B6D00352C0B /* AddPlace.storyboard */,
			);
			path = Screen;
			sourceTree = "<group>";
		};
		7FD5187F2756255C00C7642D /* PlaceCell */ = {
			isa = PBXGroup;
			children = (
				7FD5187A2756254100C7642D /* PlaceCell.swift */,
				7FD5187B2756254100C7642D /* PlaceCell.xib */,
			);
			path = PlaceCell;
			sourceTree = "<group>";
		};
		7FD518802756408E00C7642D /* Protocol */ = {
			isa = PBXGroup;
			children = (
				7F748DB027565C700086F26C /* CollectionViewLayout.swift */,
				7F748DB82756658B0086F26C /* Reusable.swift */,
			);
			path = Protocol;
			sourceTree = "<group>";
		};
		7FD518832756422700C7642D /* Model */ = {
			isa = PBXGroup;
			children = (
				7FBCCBD02757C10C000F9F06 /* Manager */,
				7FBCCBCA275797AA000F9F06 /* Utility */,
				7FBCCBCD2757A8A7000F9F06 /* Entity */,
			);
			path = Model;
			sourceTree = "<group>";
		};
/* End PBXGroup section */

/* Begin PBXNativeTarget section */
		7F0A48E127509B5B00866926 /* Pittan */ = {
			isa = PBXNativeTarget;
			buildConfigurationList = 7F0A490C27509B6000866926 /* Build configuration list for PBXNativeTarget "Pittan" */;
			buildPhases = (
				7F0A48DE27509B5B00866926 /* Sources */,
				7F0A48DF27509B5B00866926 /* Frameworks */,
				7F0A48E027509B5B00866926 /* Resources */,
			);
			buildRules = (
			);
			dependencies = (
			);
			name = Pittan;
			packageProductDependencies = (
				7F0A491627509C3400866926 /* Realm */,
				7F0A491827509C3400866926 /* RealmSwift */,
			);
			productName = Pittan;
			productReference = 7F0A48E227509B5B00866926 /* Pittan.app */;
			productType = "com.apple.product-type.application";
		};
		7F0A48F727509B6000866926 /* PittanTests */ = {
			isa = PBXNativeTarget;
			buildConfigurationList = 7F0A490F27509B6000866926 /* Build configuration list for PBXNativeTarget "PittanTests" */;
			buildPhases = (
				7F0A48F427509B6000866926 /* Sources */,
				7F0A48F527509B6000866926 /* Frameworks */,
				7F0A48F627509B6000866926 /* Resources */,
			);
			buildRules = (
			);
			dependencies = (
				7F0A48FA27509B6000866926 /* PBXTargetDependency */,
			);
			name = PittanTests;
			productName = PittanTests;
			productReference = 7F0A48F827509B6000866926 /* PittanTests.xctest */;
			productType = "com.apple.product-type.bundle.unit-test";
		};
		7F0A490127509B6000866926 /* PittanUITests */ = {
			isa = PBXNativeTarget;
			buildConfigurationList = 7F0A491227509B6000866926 /* Build configuration list for PBXNativeTarget "PittanUITests" */;
			buildPhases = (
				7F0A48FE27509B6000866926 /* Sources */,
				7F0A48FF27509B6000866926 /* Frameworks */,
				7F0A490027509B6000866926 /* Resources */,
			);
			buildRules = (
			);
			dependencies = (
				7F0A490427509B6000866926 /* PBXTargetDependency */,
			);
			name = PittanUITests;
			productName = PittanUITests;
			productReference = 7F0A490227509B6000866926 /* PittanUITests.xctest */;
			productType = "com.apple.product-type.bundle.ui-testing";
		};
/* End PBXNativeTarget section */

/* Begin PBXProject section */
		7F0A48DA27509B5B00866926 /* Project object */ = {
			isa = PBXProject;
			attributes = {
				BuildIndependentTargetsInParallel = 1;
				LastSwiftUpdateCheck = 1300;
				LastUpgradeCheck = 1300;
				TargetAttributes = {
					7F0A48E127509B5B00866926 = {
						CreatedOnToolsVersion = 13.0;
					};
					7F0A48F727509B6000866926 = {
						CreatedOnToolsVersion = 13.0;
						TestTargetID = 7F0A48E127509B5B00866926;
					};
					7F0A490127509B6000866926 = {
						CreatedOnToolsVersion = 13.0;
						TestTargetID = 7F0A48E127509B5B00866926;
					};
				};
			};
			buildConfigurationList = 7F0A48DD27509B5B00866926 /* Build configuration list for PBXProject "Pittan" */;
			compatibilityVersion = "Xcode 13.0";
			developmentRegion = en;
			hasScannedForEncodings = 0;
			knownRegions = (
				en,
				Base,
			);
			mainGroup = 7F0A48D927509B5B00866926;
			packageReferences = (
				7F0A491527509C3400866926 /* XCRemoteSwiftPackageReference "realm-cocoa" */,
			);
			productRefGroup = 7F0A48E327509B5B00866926 /* Products */;
			projectDirPath = "";
			projectRoot = "";
			targets = (
				7F0A48E127509B5B00866926 /* Pittan */,
				7F0A48F727509B6000866926 /* PittanTests */,
				7F0A490127509B6000866926 /* PittanUITests */,
			);
		};
/* End PBXProject section */

/* Begin PBXResourcesBuildPhase section */
		7F0A48E027509B5B00866926 /* Resources */ = {
			isa = PBXResourcesBuildPhase;
			buildActionMask = 2147483647;
			files = (
				7FD5186E2755435000C7642D /* Home.storyboard in Resources */,
				7F0A48F227509B6000866926 /* LaunchScreen.storyboard in Resources */,
				7FB0B3C727585B6D00352C0B /* AddPlace.storyboard in Resources */,
				7F0A48EF27509B6000866926 /* Assets.xcassets in Resources */,
				7FD5187D2756254100C7642D /* PlaceCell.xib in Resources */,
			);
			runOnlyForDeploymentPostprocessing = 0;
		};
		7F0A48F627509B6000866926 /* Resources */ = {
			isa = PBXResourcesBuildPhase;
			buildActionMask = 2147483647;
			files = (
			);
			runOnlyForDeploymentPostprocessing = 0;
		};
		7F0A490027509B6000866926 /* Resources */ = {
			isa = PBXResourcesBuildPhase;
			buildActionMask = 2147483647;
			files = (
			);
			runOnlyForDeploymentPostprocessing = 0;
		};
/* End PBXResourcesBuildPhase section */

/* Begin PBXSourcesBuildPhase section */
		7F0A48DE27509B5B00866926 /* Sources */ = {
			isa = PBXSourcesBuildPhase;
			buildActionMask = 2147483647;
			files = (
				7FBCCBD22757C11E000F9F06 /* RealmManager.swift in Sources */,
				7F0A48E627509B5B00866926 /* AppDelegate.swift in Sources */,
				7FB0B3C32757C6C100352C0B /* ProductImage.swift in Sources */,
				7F748DB127565C700086F26C /* CollectionViewLayout.swift in Sources */,
				7F1393F827585D8F001910EB /* AddPlaceViewController.swift in Sources */,
				7F748DB3275663D30086F26C /* UICollectionView+Extention.swift in Sources */,
				7F748DB92756658B0086F26C /* Reusable.swift in Sources */,
				7FD5187C2756254100C7642D /* PlaceCell.swift in Sources */,
				7FBCCBCC275797E5000F9F06 /* AppImage.swift in Sources */,
				7F1393FA27586599001910EB /* UIStoryboard+Extension.swift in Sources */,
				7F0A48E827509B5B00866926 /* SceneDelegate.swift in Sources */,
				7FB0B3C52757C75200352C0B /* Place.swift in Sources */,
				7FD51875275622E400C7642D /* UIView+Extension.swift in Sources */,
				7FD518702755436000C7642D /* HomeViewController.swift in Sources */,
				7FBCCBC9275796F7000F9F06 /* UIImage+Extension.swift in Sources */,
				7F748DBF27566A640086F26C /* UIColor+Extension.swift in Sources */,
				7FB0B3C12757C4BA00352C0B /* Product.swift in Sources */,
			);
			runOnlyForDeploymentPostprocessing = 0;
		};
		7F0A48F427509B6000866926 /* Sources */ = {
			isa = PBXSourcesBuildPhase;
			buildActionMask = 2147483647;
			files = (
				7F0A48FD27509B6000866926 /* PittanTests.swift in Sources */,
			);
			runOnlyForDeploymentPostprocessing = 0;
		};
		7F0A48FE27509B6000866926 /* Sources */ = {
			isa = PBXSourcesBuildPhase;
			buildActionMask = 2147483647;
			files = (
				7F0A490927509B6000866926 /* PittanUITestsLaunchTests.swift in Sources */,
				7F0A490727509B6000866926 /* PittanUITests.swift in Sources */,
			);
			runOnlyForDeploymentPostprocessing = 0;
		};
/* End PBXSourcesBuildPhase section */

/* Begin PBXTargetDependency section */
		7F0A48FA27509B6000866926 /* PBXTargetDependency */ = {
			isa = PBXTargetDependency;
			target = 7F0A48E127509B5B00866926 /* Pittan */;
			targetProxy = 7F0A48F927509B6000866926 /* PBXContainerItemProxy */;
		};
		7F0A490427509B6000866926 /* PBXTargetDependency */ = {
			isa = PBXTargetDependency;
			target = 7F0A48E127509B5B00866926 /* Pittan */;
			targetProxy = 7F0A490327509B6000866926 /* PBXContainerItemProxy */;
		};
/* End PBXTargetDependency section */

/* Begin PBXVariantGroup section */
		7F0A48F027509B6000866926 /* LaunchScreen.storyboard */ = {
			isa = PBXVariantGroup;
			children = (
				7F0A48F127509B6000866926 /* Base */,
			);
			name = LaunchScreen.storyboard;
			sourceTree = "<group>";
		};
/* End PBXVariantGroup section */

/* Begin XCBuildConfiguration section */
		7F0A490A27509B6000866926 /* Debug */ = {
			isa = XCBuildConfiguration;
			buildSettings = {
				ALWAYS_SEARCH_USER_PATHS = NO;
				CLANG_ANALYZER_NONNULL = YES;
				CLANG_ANALYZER_NUMBER_OBJECT_CONVERSION = YES_AGGRESSIVE;
				CLANG_CXX_LANGUAGE_STANDARD = "gnu++17";
				CLANG_CXX_LIBRARY = "libc++";
				CLANG_ENABLE_MODULES = YES;
				CLANG_ENABLE_OBJC_ARC = YES;
				CLANG_ENABLE_OBJC_WEAK = YES;
				CLANG_WARN_BLOCK_CAPTURE_AUTORELEASING = YES;
				CLANG_WARN_BOOL_CONVERSION = YES;
				CLANG_WARN_COMMA = YES;
				CLANG_WARN_CONSTANT_CONVERSION = YES;
				CLANG_WARN_DEPRECATED_OBJC_IMPLEMENTATIONS = YES;
				CLANG_WARN_DIRECT_OBJC_ISA_USAGE = YES_ERROR;
				CLANG_WARN_DOCUMENTATION_COMMENTS = YES;
				CLANG_WARN_EMPTY_BODY = YES;
				CLANG_WARN_ENUM_CONVERSION = YES;
				CLANG_WARN_INFINITE_RECURSION = YES;
				CLANG_WARN_INT_CONVERSION = YES;
				CLANG_WARN_NON_LITERAL_NULL_CONVERSION = YES;
				CLANG_WARN_OBJC_IMPLICIT_RETAIN_SELF = YES;
				CLANG_WARN_OBJC_LITERAL_CONVERSION = YES;
				CLANG_WARN_OBJC_ROOT_CLASS = YES_ERROR;
				CLANG_WARN_QUOTED_INCLUDE_IN_FRAMEWORK_HEADER = YES;
				CLANG_WARN_RANGE_LOOP_ANALYSIS = YES;
				CLANG_WARN_STRICT_PROTOTYPES = YES;
				CLANG_WARN_SUSPICIOUS_MOVE = YES;
				CLANG_WARN_UNGUARDED_AVAILABILITY = YES_AGGRESSIVE;
				CLANG_WARN_UNREACHABLE_CODE = YES;
				CLANG_WARN__DUPLICATE_METHOD_MATCH = YES;
				COPY_PHASE_STRIP = NO;
				DEBUG_INFORMATION_FORMAT = dwarf;
				ENABLE_STRICT_OBJC_MSGSEND = YES;
				ENABLE_TESTABILITY = YES;
				GCC_C_LANGUAGE_STANDARD = gnu11;
				GCC_DYNAMIC_NO_PIC = NO;
				GCC_NO_COMMON_BLOCKS = YES;
				GCC_OPTIMIZATION_LEVEL = 0;
				GCC_PREPROCESSOR_DEFINITIONS = (
					"DEBUG=1",
					"$(inherited)",
				);
				GCC_WARN_64_TO_32_BIT_CONVERSION = YES;
				GCC_WARN_ABOUT_RETURN_TYPE = YES_ERROR;
				GCC_WARN_UNDECLARED_SELECTOR = YES;
				GCC_WARN_UNINITIALIZED_AUTOS = YES_AGGRESSIVE;
				GCC_WARN_UNUSED_FUNCTION = YES;
				GCC_WARN_UNUSED_VARIABLE = YES;
				IPHONEOS_DEPLOYMENT_TARGET = 15.0;
				MTL_ENABLE_DEBUG_INFO = INCLUDE_SOURCE;
				MTL_FAST_MATH = YES;
				ONLY_ACTIVE_ARCH = YES;
				SDKROOT = iphoneos;
				SWIFT_ACTIVE_COMPILATION_CONDITIONS = DEBUG;
				SWIFT_OPTIMIZATION_LEVEL = "-Onone";
			};
			name = Debug;
		};
		7F0A490B27509B6000866926 /* Release */ = {
			isa = XCBuildConfiguration;
			buildSettings = {
				ALWAYS_SEARCH_USER_PATHS = NO;
				CLANG_ANALYZER_NONNULL = YES;
				CLANG_ANALYZER_NUMBER_OBJECT_CONVERSION = YES_AGGRESSIVE;
				CLANG_CXX_LANGUAGE_STANDARD = "gnu++17";
				CLANG_CXX_LIBRARY = "libc++";
				CLANG_ENABLE_MODULES = YES;
				CLANG_ENABLE_OBJC_ARC = YES;
				CLANG_ENABLE_OBJC_WEAK = YES;
				CLANG_WARN_BLOCK_CAPTURE_AUTORELEASING = YES;
				CLANG_WARN_BOOL_CONVERSION = YES;
				CLANG_WARN_COMMA = YES;
				CLANG_WARN_CONSTANT_CONVERSION = YES;
				CLANG_WARN_DEPRECATED_OBJC_IMPLEMENTATIONS = YES;
				CLANG_WARN_DIRECT_OBJC_ISA_USAGE = YES_ERROR;
				CLANG_WARN_DOCUMENTATION_COMMENTS = YES;
				CLANG_WARN_EMPTY_BODY = YES;
				CLANG_WARN_ENUM_CONVERSION = YES;
				CLANG_WARN_INFINITE_RECURSION = YES;
				CLANG_WARN_INT_CONVERSION = YES;
				CLANG_WARN_NON_LITERAL_NULL_CONVERSION = YES;
				CLANG_WARN_OBJC_IMPLICIT_RETAIN_SELF = YES;
				CLANG_WARN_OBJC_LITERAL_CONVERSION = YES;
				CLANG_WARN_OBJC_ROOT_CLASS = YES_ERROR;
				CLANG_WARN_QUOTED_INCLUDE_IN_FRAMEWORK_HEADER = YES;
				CLANG_WARN_RANGE_LOOP_ANALYSIS = YES;
				CLANG_WARN_STRICT_PROTOTYPES = YES;
				CLANG_WARN_SUSPICIOUS_MOVE = YES;
				CLANG_WARN_UNGUARDED_AVAILABILITY = YES_AGGRESSIVE;
				CLANG_WARN_UNREACHABLE_CODE = YES;
				CLANG_WARN__DUPLICATE_METHOD_MATCH = YES;
				COPY_PHASE_STRIP = NO;
				DEBUG_INFORMATION_FORMAT = "dwarf-with-dsym";
				ENABLE_NS_ASSERTIONS = NO;
				ENABLE_STRICT_OBJC_MSGSEND = YES;
				GCC_C_LANGUAGE_STANDARD = gnu11;
				GCC_NO_COMMON_BLOCKS = YES;
				GCC_WARN_64_TO_32_BIT_CONVERSION = YES;
				GCC_WARN_ABOUT_RETURN_TYPE = YES_ERROR;
				GCC_WARN_UNDECLARED_SELECTOR = YES;
				GCC_WARN_UNINITIALIZED_AUTOS = YES_AGGRESSIVE;
				GCC_WARN_UNUSED_FUNCTION = YES;
				GCC_WARN_UNUSED_VARIABLE = YES;
				IPHONEOS_DEPLOYMENT_TARGET = 15.0;
				MTL_ENABLE_DEBUG_INFO = NO;
				MTL_FAST_MATH = YES;
				SDKROOT = iphoneos;
				SWIFT_COMPILATION_MODE = wholemodule;
				SWIFT_OPTIMIZATION_LEVEL = "-O";
				VALIDATE_PRODUCT = YES;
			};
			name = Release;
		};
		7F0A490D27509B6000866926 /* Debug */ = {
			isa = XCBuildConfiguration;
			buildSettings = {
				ASSETCATALOG_COMPILER_APPICON_NAME = AppIcon;
				ASSETCATALOG_COMPILER_GLOBAL_ACCENT_COLOR_NAME = AccentColor;
				CODE_SIGN_STYLE = Automatic;
				CURRENT_PROJECT_VERSION = 1;
				DEVELOPMENT_TEAM = MZV473SPTS;
				GENERATE_INFOPLIST_FILE = YES;
				INFOPLIST_FILE = Pittan/Info.plist;
				INFOPLIST_KEY_UIApplicationSupportsIndirectInputEvents = YES;
				INFOPLIST_KEY_UILaunchStoryboardName = LaunchScreen;
				INFOPLIST_KEY_UIMainStoryboardFile = Home;
				INFOPLIST_KEY_UISupportedInterfaceOrientations_iPad = "UIInterfaceOrientationPortrait UIInterfaceOrientationPortraitUpsideDown UIInterfaceOrientationLandscapeLeft UIInterfaceOrientationLandscapeRight";
				INFOPLIST_KEY_UISupportedInterfaceOrientations_iPhone = "UIInterfaceOrientationPortrait UIInterfaceOrientationLandscapeLeft UIInterfaceOrientationLandscapeRight";
				IPHONEOS_DEPLOYMENT_TARGET = 14.0;
				LD_RUNPATH_SEARCH_PATHS = (
					"$(inherited)",
					"@executable_path/Frameworks",
				);
				MARKETING_VERSION = 1.0;
				PRODUCT_BUNDLE_IDENTIFIER = jp.ac.jec.20cm0123.Pittan;
				PRODUCT_NAME = "$(TARGET_NAME)";
				SWIFT_EMIT_LOC_STRINGS = YES;
				SWIFT_VERSION = 5.0;
				TARGETED_DEVICE_FAMILY = "1,2";
			};
			name = Debug;
		};
		7F0A490E27509B6000866926 /* Release */ = {
			isa = XCBuildConfiguration;
			buildSettings = {
				ASSETCATALOG_COMPILER_APPICON_NAME = AppIcon;
				ASSETCATALOG_COMPILER_GLOBAL_ACCENT_COLOR_NAME = AccentColor;
				CODE_SIGN_STYLE = Automatic;
				CURRENT_PROJECT_VERSION = 1;
				DEVELOPMENT_TEAM = MZV473SPTS;
				GENERATE_INFOPLIST_FILE = YES;
				INFOPLIST_FILE = Pittan/Info.plist;
				INFOPLIST_KEY_UIApplicationSupportsIndirectInputEvents = YES;
				INFOPLIST_KEY_UILaunchStoryboardName = LaunchScreen;
				INFOPLIST_KEY_UIMainStoryboardFile = Home;
				INFOPLIST_KEY_UISupportedInterfaceOrientations_iPad = "UIInterfaceOrientationPortrait UIInterfaceOrientationPortraitUpsideDown UIInterfaceOrientationLandscapeLeft UIInterfaceOrientationLandscapeRight";
				INFOPLIST_KEY_UISupportedInterfaceOrientations_iPhone = "UIInterfaceOrientationPortrait UIInterfaceOrientationLandscapeLeft UIInterfaceOrientationLandscapeRight";
				IPHONEOS_DEPLOYMENT_TARGET = 14.0;
				LD_RUNPATH_SEARCH_PATHS = (
					"$(inherited)",
					"@executable_path/Frameworks",
				);
				MARKETING_VERSION = 1.0;
				PRODUCT_BUNDLE_IDENTIFIER = jp.ac.jec.20cm0123.Pittan;
				PRODUCT_NAME = "$(TARGET_NAME)";
				SWIFT_EMIT_LOC_STRINGS = YES;
				SWIFT_VERSION = 5.0;
				TARGETED_DEVICE_FAMILY = "1,2";
			};
			name = Release;
		};
		7F0A491027509B6000866926 /* Debug */ = {
			isa = XCBuildConfiguration;
			buildSettings = {
				ALWAYS_EMBED_SWIFT_STANDARD_LIBRARIES = YES;
				BUNDLE_LOADER = "$(TEST_HOST)";
				CODE_SIGN_STYLE = Automatic;
				CURRENT_PROJECT_VERSION = 1;
				DEVELOPMENT_TEAM = MZV473SPTS;
				GENERATE_INFOPLIST_FILE = YES;
				IPHONEOS_DEPLOYMENT_TARGET = 15.0;
				LD_RUNPATH_SEARCH_PATHS = (
					"$(inherited)",
					"@executable_path/Frameworks",
					"@loader_path/Frameworks",
				);
				MARKETING_VERSION = 1.0;
				PRODUCT_BUNDLE_IDENTIFIER = jp.ac.jec.20cm0123.PittanTests;
				PRODUCT_NAME = "$(TARGET_NAME)";
				SWIFT_EMIT_LOC_STRINGS = NO;
				SWIFT_VERSION = 5.0;
				TARGETED_DEVICE_FAMILY = "1,2";
				TEST_HOST = "$(BUILT_PRODUCTS_DIR)/Pittan.app/Pittan";
			};
			name = Debug;
		};
		7F0A491127509B6000866926 /* Release */ = {
			isa = XCBuildConfiguration;
			buildSettings = {
				ALWAYS_EMBED_SWIFT_STANDARD_LIBRARIES = YES;
				BUNDLE_LOADER = "$(TEST_HOST)";
				CODE_SIGN_STYLE = Automatic;
				CURRENT_PROJECT_VERSION = 1;
				DEVELOPMENT_TEAM = MZV473SPTS;
				GENERATE_INFOPLIST_FILE = YES;
				IPHONEOS_DEPLOYMENT_TARGET = 15.0;
				LD_RUNPATH_SEARCH_PATHS = (
					"$(inherited)",
					"@executable_path/Frameworks",
					"@loader_path/Frameworks",
				);
				MARKETING_VERSION = 1.0;
				PRODUCT_BUNDLE_IDENTIFIER = jp.ac.jec.20cm0123.PittanTests;
				PRODUCT_NAME = "$(TARGET_NAME)";
				SWIFT_EMIT_LOC_STRINGS = NO;
				SWIFT_VERSION = 5.0;
				TARGETED_DEVICE_FAMILY = "1,2";
				TEST_HOST = "$(BUILT_PRODUCTS_DIR)/Pittan.app/Pittan";
			};
			name = Release;
		};
		7F0A491327509B6000866926 /* Debug */ = {
			isa = XCBuildConfiguration;
			buildSettings = {
				ALWAYS_EMBED_SWIFT_STANDARD_LIBRARIES = YES;
				CODE_SIGN_STYLE = Automatic;
				CURRENT_PROJECT_VERSION = 1;
				DEVELOPMENT_TEAM = MZV473SPTS;
				GENERATE_INFOPLIST_FILE = YES;
				LD_RUNPATH_SEARCH_PATHS = (
					"$(inherited)",
					"@executable_path/Frameworks",
					"@loader_path/Frameworks",
				);
				MARKETING_VERSION = 1.0;
				PRODUCT_BUNDLE_IDENTIFIER = jp.ac.jec.20cm0123.PittanUITests;
				PRODUCT_NAME = "$(TARGET_NAME)";
				SWIFT_EMIT_LOC_STRINGS = NO;
				SWIFT_VERSION = 5.0;
				TARGETED_DEVICE_FAMILY = "1,2";
				TEST_TARGET_NAME = Pittan;
			};
			name = Debug;
		};
		7F0A491427509B6000866926 /* Release */ = {
			isa = XCBuildConfiguration;
			buildSettings = {
				ALWAYS_EMBED_SWIFT_STANDARD_LIBRARIES = YES;
				CODE_SIGN_STYLE = Automatic;
				CURRENT_PROJECT_VERSION = 1;
				DEVELOPMENT_TEAM = MZV473SPTS;
				GENERATE_INFOPLIST_FILE = YES;
				LD_RUNPATH_SEARCH_PATHS = (
					"$(inherited)",
					"@executable_path/Frameworks",
					"@loader_path/Frameworks",
				);
				MARKETING_VERSION = 1.0;
				PRODUCT_BUNDLE_IDENTIFIER = jp.ac.jec.20cm0123.PittanUITests;
				PRODUCT_NAME = "$(TARGET_NAME)";
				SWIFT_EMIT_LOC_STRINGS = NO;
				SWIFT_VERSION = 5.0;
				TARGETED_DEVICE_FAMILY = "1,2";
				TEST_TARGET_NAME = Pittan;
			};
			name = Release;
		};
/* End XCBuildConfiguration section */

/* Begin XCConfigurationList section */
		7F0A48DD27509B5B00866926 /* Build configuration list for PBXProject "Pittan" */ = {
			isa = XCConfigurationList;
			buildConfigurations = (
				7F0A490A27509B6000866926 /* Debug */,
				7F0A490B27509B6000866926 /* Release */,
			);
			defaultConfigurationIsVisible = 0;
			defaultConfigurationName = Release;
		};
		7F0A490C27509B6000866926 /* Build configuration list for PBXNativeTarget "Pittan" */ = {
			isa = XCConfigurationList;
			buildConfigurations = (
				7F0A490D27509B6000866926 /* Debug */,
				7F0A490E27509B6000866926 /* Release */,
			);
			defaultConfigurationIsVisible = 0;
			defaultConfigurationName = Release;
		};
		7F0A490F27509B6000866926 /* Build configuration list for PBXNativeTarget "PittanTests" */ = {
			isa = XCConfigurationList;
			buildConfigurations = (
				7F0A491027509B6000866926 /* Debug */,
				7F0A491127509B6000866926 /* Release */,
			);
			defaultConfigurationIsVisible = 0;
			defaultConfigurationName = Release;
		};
		7F0A491227509B6000866926 /* Build configuration list for PBXNativeTarget "PittanUITests" */ = {
			isa = XCConfigurationList;
			buildConfigurations = (
				7F0A491327509B6000866926 /* Debug */,
				7F0A491427509B6000866926 /* Release */,
			);
			defaultConfigurationIsVisible = 0;
			defaultConfigurationName = Release;
		};
/* End XCConfigurationList section */

/* Begin XCRemoteSwiftPackageReference section */
		7F0A491527509C3400866926 /* XCRemoteSwiftPackageReference "realm-cocoa" */ = {
			isa = XCRemoteSwiftPackageReference;
			repositoryURL = "https://github.com/realm/realm-cocoa";
			requirement = {
				kind = upToNextMajorVersion;
				minimumVersion = 5.0.0;
			};
		};
/* End XCRemoteSwiftPackageReference section */

/* Begin XCSwiftPackageProductDependency section */
		7F0A491627509C3400866926 /* Realm */ = {
			isa = XCSwiftPackageProductDependency;
			package = 7F0A491527509C3400866926 /* XCRemoteSwiftPackageReference "realm-cocoa" */;
			productName = Realm;
		};
		7F0A491827509C3400866926 /* RealmSwift */ = {
			isa = XCSwiftPackageProductDependency;
			package = 7F0A491527509C3400866926 /* XCRemoteSwiftPackageReference "realm-cocoa" */;
			productName = RealmSwift;
		};
/* End XCSwiftPackageProductDependency section */
	};
	rootObject = 7F0A48DA27509B5B00866926 /* Project object */;
}
