// !$*UTF8*$!
{
	archiveVersion = 1;
	classes = {
	};
	objectVersion = 55;
	objects = {

/* Begin PBXBuildFile section */
		7F0A48E627509B5B00866926 /* AppDelegate.swift in Sources */ = {isa = PBXBuildFile; fileRef = 7F0A48E527509B5B00866926 /* AppDelegate.swift */; };
		7F0A48E827509B5B00866926 /* SceneDelegate.swift in Sources */ = {isa = PBXBuildFile; fileRef = 7F0A48E727509B5B00866926 /* SceneDelegate.swift */; };
		7F0A48EF27509B6000866926 /* Assets.xcassets in Resources */ = {isa = PBXBuildFile; fileRef = 7F0A48EE27509B6000866926 /* Assets.xcassets */; };
		7F0A48F227509B6000866926 /* LaunchScreen.storyboard in Resources */ = {isa = PBXBuildFile; fileRef = 7F0A48F027509B6000866926 /* LaunchScreen.storyboard */; };
		7F0A48FD27509B6000866926 /* PittanTests.swift in Sources */ = {isa = PBXBuildFile; fileRef = 7F0A48FC27509B6000866926 /* PittanTests.swift */; };
		7F0A490727509B6000866926 /* PittanUITests.swift in Sources */ = {isa = PBXBuildFile; fileRef = 7F0A490627509B6000866926 /* PittanUITests.swift */; };
		7F0A490927509B6000866926 /* PittanUITestsLaunchTests.swift in Sources */ = {isa = PBXBuildFile; fileRef = 7F0A490827509B6000866926 /* PittanUITestsLaunchTests.swift */; };
		7F0FC171277445150005A4E4 /* UINavigationBar+Extension.swift in Sources */ = {isa = PBXBuildFile; fileRef = 7F0FC170277445150005A4E4 /* UINavigationBar+Extension.swift */; };
		7F102461279A442B00440600 /* HomeViewController+UICollectionView.swift in Sources */ = {isa = PBXBuildFile; fileRef = 7F102460279A442B00440600 /* HomeViewController+UICollectionView.swift */; };
		7F102463279A476E00440600 /* HomeViewController+CollectionViewLayout.swift in Sources */ = {isa = PBXBuildFile; fileRef = 7F102462279A476E00440600 /* HomeViewController+CollectionViewLayout.swift */; };
		7F102468279A508500440600 /* PutProductViewController+UICollectionView.swift in Sources */ = {isa = PBXBuildFile; fileRef = 7F102467279A508500440600 /* PutProductViewController+UICollectionView.swift */; };
		7F10246C279A520000440600 /* PutProductViewController+CollectionViewLayout.swift in Sources */ = {isa = PBXBuildFile; fileRef = 7F10246B279A520000440600 /* PutProductViewController+CollectionViewLayout.swift */; };
		7F10246E279A524200440600 /* PutProductViewController+ARCoachingOverlayViewDelegate.swift in Sources */ = {isa = PBXBuildFile; fileRef = 7F10246D279A524200440600 /* PutProductViewController+ARCoachingOverlayViewDelegate.swift */; };
		7F102470279A52C700440600 /* PutProductViewController+SizeSliderCellDelegate.swift in Sources */ = {isa = PBXBuildFile; fileRef = 7F10246F279A52C700440600 /* PutProductViewController+SizeSliderCellDelegate.swift */; };
		7F1393F827585D8F001910EB /* AddPlaceViewController.swift in Sources */ = {isa = PBXBuildFile; fileRef = 7F1393F727585D8F001910EB /* AddPlaceViewController.swift */; };
		7F1393FA27586599001910EB /* UIStoryboard+Extension.swift in Sources */ = {isa = PBXBuildFile; fileRef = 7F1393F927586599001910EB /* UIStoryboard+Extension.swift */; };
		7F2B8FE727949DC8005D70C3 /* TagCell.swift in Sources */ = {isa = PBXBuildFile; fileRef = 7F2B8FE527949DC8005D70C3 /* TagCell.swift */; };
		7F2B8FE827949DC8005D70C3 /* TagCell.xib in Resources */ = {isa = PBXBuildFile; fileRef = 7F2B8FE627949DC8005D70C3 /* TagCell.xib */; };
		7F2EDDB427BF825A008314D7 /* ProductKind.swift in Sources */ = {isa = PBXBuildFile; fileRef = 7F2EDDB327BF825A008314D7 /* ProductKind.swift */; };
		7F2EDDB627BF847A008314D7 /* PatternKind.swift in Sources */ = {isa = PBXBuildFile; fileRef = 7F2EDDB527BF847A008314D7 /* PatternKind.swift */; };
		7F2EDDC027BF90CB008314D7 /* single_curtain.scn in Resources */ = {isa = PBXBuildFile; fileRef = 7F2EDDBF27BF90CB008314D7 /* single_curtain.scn */; };
		7F2EDDC227BF9101008314D7 /* double_curtain.scn in Resources */ = {isa = PBXBuildFile; fileRef = 7F2EDDC127BF9101008314D7 /* double_curtain.scn */; };
		7F2EDDC427BF937E008314D7 /* PutProductViewController+JonContextMenuDelegate.swift in Sources */ = {isa = PBXBuildFile; fileRef = 7F2EDDC327BF937E008314D7 /* PutProductViewController+JonContextMenuDelegate.swift */; };
		7F363D4B27B351E300EAF791 /* UITextField+Extension.swift in Sources */ = {isa = PBXBuildFile; fileRef = 7F363D4A27B351E300EAF791 /* UITextField+Extension.swift */; };
		7F42339A27AE9AEF00F764F8 /* PutProductViewControllerDelegate.swift in Sources */ = {isa = PBXBuildFile; fileRef = 7F42339927AE9AEF00F764F8 /* PutProductViewControllerDelegate.swift */; };
		7F42339C27AE9D3700F764F8 /* AddPlaceViewController+UITextFieldDelegate.swift in Sources */ = {isa = PBXBuildFile; fileRef = 7F42339B27AE9D3700F764F8 /* AddPlaceViewController+UITextFieldDelegate.swift */; };
		7F42339E27AE9DCA00F764F8 /* AddPlaceViewController+PutProductViewControllerDelegate.swift in Sources */ = {isa = PBXBuildFile; fileRef = 7F42339D27AE9DCA00F764F8 /* AddPlaceViewController+PutProductViewControllerDelegate.swift */; };
		7F49DACF27820F3F00EEFDAE /* ProductCell.swift in Sources */ = {isa = PBXBuildFile; fileRef = 7F49DACD27820F3F00EEFDAE /* ProductCell.swift */; };
		7F49DAD027820F3F00EEFDAE /* ProductCell.xib in Resources */ = {isa = PBXBuildFile; fileRef = 7F49DACE27820F3F00EEFDAE /* ProductCell.xib */; };
		7F70711A275A140800849598 /* PlaceDetailViewController.swift in Sources */ = {isa = PBXBuildFile; fileRef = 7F707119275A140700849598 /* PlaceDetailViewController.swift */; };
		7F70711C275A141D00849598 /* PlaceDetail.storyboard in Resources */ = {isa = PBXBuildFile; fileRef = 7F70711B275A141D00849598 /* PlaceDetail.storyboard */; };
		7F748DB127565C700086F26C /* CollectionViewLayout.swift in Sources */ = {isa = PBXBuildFile; fileRef = 7F748DB027565C700086F26C /* CollectionViewLayout.swift */; };
		7F748DB3275663D30086F26C /* UICollectionView+Extention.swift in Sources */ = {isa = PBXBuildFile; fileRef = 7F748DB2275663D30086F26C /* UICollectionView+Extention.swift */; };
		7F748DB92756658B0086F26C /* Reusable.swift in Sources */ = {isa = PBXBuildFile; fileRef = 7F748DB82756658B0086F26C /* Reusable.swift */; };
		7F748DBF27566A640086F26C /* UIColor+Extension.swift in Sources */ = {isa = PBXBuildFile; fileRef = 7F748DBE27566A640086F26C /* UIColor+Extension.swift */; };
		7F7F30A727A8DF4E00264080 /* UIImageView+Extension.swift in Sources */ = {isa = PBXBuildFile; fileRef = 7F7F30A627A8DF4E00264080 /* UIImageView+Extension.swift */; };
		7F8B6E7F2762F083003C98D4 /* Category.swift in Sources */ = {isa = PBXBuildFile; fileRef = 7F8B6E7E2762F083003C98D4 /* Category.swift */; };
		7F8B6E822762FA06003C98D4 /* String+Extension.swift in Sources */ = {isa = PBXBuildFile; fileRef = 7F8B6E812762FA06003C98D4 /* String+Extension.swift */; };
		7F8B6E852762FDC8003C98D4 /* Alert.swift in Sources */ = {isa = PBXBuildFile; fileRef = 7F8B6E842762FDC8003C98D4 /* Alert.swift */; };
		7F8B6E882762FF0F003C98D4 /* AlertMessage.swift in Sources */ = {isa = PBXBuildFile; fileRef = 7F8B6E872762FF0F003C98D4 /* AlertMessage.swift */; };
		7F9DB53A27A3893000287134 /* NotificationName+Extension.swift in Sources */ = {isa = PBXBuildFile; fileRef = 7F9DB53927A3893000287134 /* NotificationName+Extension.swift */; };
		7FAFA7B32760F9E700251378 /* UISegmentedControl+Extension.swift in Sources */ = {isa = PBXBuildFile; fileRef = 7FAFA7B22760F9E700251378 /* UISegmentedControl+Extension.swift */; };
		7FB0B3C12757C4BA00352C0B /* Product.swift in Sources */ = {isa = PBXBuildFile; fileRef = 7FB0B3C02757C4BA00352C0B /* Product.swift */; };
		7FB0B3C52757C75200352C0B /* Place.swift in Sources */ = {isa = PBXBuildFile; fileRef = 7FB0B3C42757C75100352C0B /* Place.swift */; };
		7FB0B3C727585B6D00352C0B /* AddPlace.storyboard in Resources */ = {isa = PBXBuildFile; fileRef = 7FB0B3C627585B6D00352C0B /* AddPlace.storyboard */; };
		7FBCCBC9275796F7000F9F06 /* UIImage+Extension.swift in Sources */ = {isa = PBXBuildFile; fileRef = 7FBCCBC8275796F6000F9F06 /* UIImage+Extension.swift */; };
		7FBCCBCC275797E5000F9F06 /* AppImage.swift in Sources */ = {isa = PBXBuildFile; fileRef = 7FBCCBCB275797E5000F9F06 /* AppImage.swift */; };
		7FBCCBD22757C11E000F9F06 /* RealmManager.swift in Sources */ = {isa = PBXBuildFile; fileRef = 7FBCCBD12757C11E000F9F06 /* RealmManager.swift */; };
		7FC4B4F0279652B7008BC70C /* Tag.swift in Sources */ = {isa = PBXBuildFile; fileRef = 7FC4B4EF279652B7008BC70C /* Tag.swift */; };
		7FC4B4F32796671B008BC70C /* SizeSliderCell.swift in Sources */ = {isa = PBXBuildFile; fileRef = 7FC4B4F12796671B008BC70C /* SizeSliderCell.swift */; };
		7FC4B4F42796671B008BC70C /* SizeSliderCell.xib in Resources */ = {isa = PBXBuildFile; fileRef = 7FC4B4F22796671B008BC70C /* SizeSliderCell.xib */; };
		7FD5186E2755435000C7642D /* Home.storyboard in Resources */ = {isa = PBXBuildFile; fileRef = 7FD5186D2755435000C7642D /* Home.storyboard */; };
		7FD518702755436000C7642D /* HomeViewController.swift in Sources */ = {isa = PBXBuildFile; fileRef = 7FD5186F2755436000C7642D /* HomeViewController.swift */; };
		7FD51875275622E400C7642D /* UIView+Extension.swift in Sources */ = {isa = PBXBuildFile; fileRef = 7FD51874275622E400C7642D /* UIView+Extension.swift */; };
		7FD5187C2756254100C7642D /* PlaceCell.swift in Sources */ = {isa = PBXBuildFile; fileRef = 7FD5187A2756254100C7642D /* PlaceCell.swift */; };
		7FD5187D2756254100C7642D /* PlaceCell.xib in Resources */ = {isa = PBXBuildFile; fileRef = 7FD5187B2756254100C7642D /* PlaceCell.xib */; };
		7FE699AE2761AD1400F64618 /* PutProduct.storyboard in Resources */ = {isa = PBXBuildFile; fileRef = 7FE699AD2761AD1400F64618 /* PutProduct.storyboard */; };
		7FE699B02761AD7700F64618 /* PutProductViewController.swift in Sources */ = {isa = PBXBuildFile; fileRef = 7FE699AF2761AD7700F64618 /* PutProductViewController.swift */; };
		7FEDAAFE2798F69B00D5C449 /* ARSCNView+Extension.swift in Sources */ = {isa = PBXBuildFile; fileRef = 7FEDAAFD2798F69B00D5C449 /* ARSCNView+Extension.swift */; };
		7FEDAB01279907D600D5C449 /* float4x4+Extension.swift in Sources */ = {isa = PBXBuildFile; fileRef = 7FEDAB00279907D600D5C449 /* float4x4+Extension.swift */; };
		7FEDAB1027995E7B00D5C449 /* ObjectInteraction.swift in Sources */ = {isa = PBXBuildFile; fileRef = 7FEDAB0F27995E7B00D5C449 /* ObjectInteraction.swift */; };
		7FEDAB122799AD4E00D5C449 /* SCNNode+Extension.swift in Sources */ = {isa = PBXBuildFile; fileRef = 7FEDAB112799AD4E00D5C449 /* SCNNode+Extension.swift */; };
		7FEDAB152799B1F900D5C449 /* SizeSliderCellDelegate.swift in Sources */ = {isa = PBXBuildFile; fileRef = 7FEDAB142799B1F900D5C449 /* SizeSliderCellDelegate.swift */; };
		7FEDAB172799BB2900D5C449 /* DirectionalLightNode.swift in Sources */ = {isa = PBXBuildFile; fileRef = 7FEDAB162799BB2900D5C449 /* DirectionalLightNode.swift */; };
		7FFF8C5927B20B6B00D3660D /* UITextView+Extension.swift in Sources */ = {isa = PBXBuildFile; fileRef = 7FFF8C5827B20B6B00D3660D /* UITextView+Extension.swift */; };
		7FFF8C5B27B20F9500D3660D /* UIBarButtonItem+Extension.swift in Sources */ = {isa = PBXBuildFile; fileRef = 7FFF8C5A27B20F9500D3660D /* UIBarButtonItem+Extension.swift */; };
		7FFF8C5D27B2324200D3660D /* UIViewController+Extension.swift in Sources */ = {isa = PBXBuildFile; fileRef = 7FFF8C5C27B2324200D3660D /* UIViewController+Extension.swift */; };
		928912B0BC67AF93A07D5988 /* Pods_Pittan_PittanUITests.framework in Frameworks */ = {isa = PBXBuildFile; fileRef = 19D6FF839A48FA1EBCE5AB9F /* Pods_Pittan_PittanUITests.framework */; };
		97AB7869DFD1654606F5D871 /* Pods_Pittan.framework in Frameworks */ = {isa = PBXBuildFile; fileRef = 325E3238EB467EBC79784A41 /* Pods_Pittan.framework */; };
		9C0ACE1D2A42495AD254EC34 /* Pods_PittanTests.framework in Frameworks */ = {isa = PBXBuildFile; fileRef = 17AEEC641CF0ABCE44892619 /* Pods_PittanTests.framework */; };
/* End PBXBuildFile section */

/* Begin PBXContainerItemProxy section */
		7F0A48F927509B6000866926 /* PBXContainerItemProxy */ = {
			isa = PBXContainerItemProxy;
			containerPortal = 7F0A48DA27509B5B00866926 /* Project object */;
			proxyType = 1;
			remoteGlobalIDString = 7F0A48E127509B5B00866926;
			remoteInfo = Pittan;
		};
		7F0A490327509B6000866926 /* PBXContainerItemProxy */ = {
			isa = PBXContainerItemProxy;
			containerPortal = 7F0A48DA27509B5B00866926 /* Project object */;
			proxyType = 1;
			remoteGlobalIDString = 7F0A48E127509B5B00866926;
			remoteInfo = Pittan;
		};
/* End PBXContainerItemProxy section */

/* Begin PBXFileReference section */
		17AEEC641CF0ABCE44892619 /* Pods_PittanTests.framework */ = {isa = PBXFileReference; explicitFileType = wrapper.framework; includeInIndex = 0; path = Pods_PittanTests.framework; sourceTree = BUILT_PRODUCTS_DIR; };
		19D6FF839A48FA1EBCE5AB9F /* Pods_Pittan_PittanUITests.framework */ = {isa = PBXFileReference; explicitFileType = wrapper.framework; includeInIndex = 0; path = Pods_Pittan_PittanUITests.framework; sourceTree = BUILT_PRODUCTS_DIR; };
		325E3238EB467EBC79784A41 /* Pods_Pittan.framework */ = {isa = PBXFileReference; explicitFileType = wrapper.framework; includeInIndex = 0; path = Pods_Pittan.framework; sourceTree = BUILT_PRODUCTS_DIR; };
		345AF380F4CCCB21CB13679A /* Pods-Pittan.debug.xcconfig */ = {isa = PBXFileReference; includeInIndex = 1; lastKnownFileType = text.xcconfig; name = "Pods-Pittan.debug.xcconfig"; path = "Target Support Files/Pods-Pittan/Pods-Pittan.debug.xcconfig"; sourceTree = "<group>"; };
		43FD2D357919CB6187CE0403 /* Pods-Pittan.release.xcconfig */ = {isa = PBXFileReference; includeInIndex = 1; lastKnownFileType = text.xcconfig; name = "Pods-Pittan.release.xcconfig"; path = "Target Support Files/Pods-Pittan/Pods-Pittan.release.xcconfig"; sourceTree = "<group>"; };
		539614740AB85FAD2AEF649E /* Pods-Pittan-PittanUITests.debug.xcconfig */ = {isa = PBXFileReference; includeInIndex = 1; lastKnownFileType = text.xcconfig; name = "Pods-Pittan-PittanUITests.debug.xcconfig"; path = "Target Support Files/Pods-Pittan-PittanUITests/Pods-Pittan-PittanUITests.debug.xcconfig"; sourceTree = "<group>"; };
		7F0A48E227509B5B00866926 /* Pittan.app */ = {isa = PBXFileReference; explicitFileType = wrapper.application; includeInIndex = 0; path = Pittan.app; sourceTree = BUILT_PRODUCTS_DIR; };
		7F0A48E527509B5B00866926 /* AppDelegate.swift */ = {isa = PBXFileReference; lastKnownFileType = sourcecode.swift; path = AppDelegate.swift; sourceTree = "<group>"; };
		7F0A48E727509B5B00866926 /* SceneDelegate.swift */ = {isa = PBXFileReference; lastKnownFileType = sourcecode.swift; path = SceneDelegate.swift; sourceTree = "<group>"; };
		7F0A48EE27509B6000866926 /* Assets.xcassets */ = {isa = PBXFileReference; lastKnownFileType = folder.assetcatalog; path = Assets.xcassets; sourceTree = "<group>"; };
		7F0A48F127509B6000866926 /* Base */ = {isa = PBXFileReference; lastKnownFileType = file.storyboard; name = Base; path = Base.lproj/LaunchScreen.storyboard; sourceTree = "<group>"; };
		7F0A48F327509B6000866926 /* Info.plist */ = {isa = PBXFileReference; lastKnownFileType = text.plist.xml; path = Info.plist; sourceTree = "<group>"; };
		7F0A48F827509B6000866926 /* PittanTests.xctest */ = {isa = PBXFileReference; explicitFileType = wrapper.cfbundle; includeInIndex = 0; path = PittanTests.xctest; sourceTree = BUILT_PRODUCTS_DIR; };
		7F0A48FC27509B6000866926 /* PittanTests.swift */ = {isa = PBXFileReference; lastKnownFileType = sourcecode.swift; path = PittanTests.swift; sourceTree = "<group>"; };
		7F0A490227509B6000866926 /* PittanUITests.xctest */ = {isa = PBXFileReference; explicitFileType = wrapper.cfbundle; includeInIndex = 0; path = PittanUITests.xctest; sourceTree = BUILT_PRODUCTS_DIR; };
		7F0A490627509B6000866926 /* PittanUITests.swift */ = {isa = PBXFileReference; lastKnownFileType = sourcecode.swift; path = PittanUITests.swift; sourceTree = "<group>"; };
		7F0A490827509B6000866926 /* PittanUITestsLaunchTests.swift */ = {isa = PBXFileReference; lastKnownFileType = sourcecode.swift; path = PittanUITestsLaunchTests.swift; sourceTree = "<group>"; };
		7F0FC170277445150005A4E4 /* UINavigationBar+Extension.swift */ = {isa = PBXFileReference; lastKnownFileType = sourcecode.swift; path = "UINavigationBar+Extension.swift"; sourceTree = "<group>"; };
		7F102460279A442B00440600 /* HomeViewController+UICollectionView.swift */ = {isa = PBXFileReference; lastKnownFileType = sourcecode.swift; path = "HomeViewController+UICollectionView.swift"; sourceTree = "<group>"; };
		7F102462279A476E00440600 /* HomeViewController+CollectionViewLayout.swift */ = {isa = PBXFileReference; lastKnownFileType = sourcecode.swift; path = "HomeViewController+CollectionViewLayout.swift"; sourceTree = "<group>"; };
		7F102467279A508500440600 /* PutProductViewController+UICollectionView.swift */ = {isa = PBXFileReference; lastKnownFileType = sourcecode.swift; path = "PutProductViewController+UICollectionView.swift"; sourceTree = "<group>"; };
		7F10246B279A520000440600 /* PutProductViewController+CollectionViewLayout.swift */ = {isa = PBXFileReference; lastKnownFileType = sourcecode.swift; path = "PutProductViewController+CollectionViewLayout.swift"; sourceTree = "<group>"; };
		7F10246D279A524200440600 /* PutProductViewController+ARCoachingOverlayViewDelegate.swift */ = {isa = PBXFileReference; lastKnownFileType = sourcecode.swift; path = "PutProductViewController+ARCoachingOverlayViewDelegate.swift"; sourceTree = "<group>"; };
		7F10246F279A52C700440600 /* PutProductViewController+SizeSliderCellDelegate.swift */ = {isa = PBXFileReference; lastKnownFileType = sourcecode.swift; path = "PutProductViewController+SizeSliderCellDelegate.swift"; sourceTree = "<group>"; };
		7F1393F727585D8F001910EB /* AddPlaceViewController.swift */ = {isa = PBXFileReference; lastKnownFileType = sourcecode.swift; path = AddPlaceViewController.swift; sourceTree = "<group>"; };
		7F1393F927586599001910EB /* UIStoryboard+Extension.swift */ = {isa = PBXFileReference; lastKnownFileType = sourcecode.swift; path = "UIStoryboard+Extension.swift"; sourceTree = "<group>"; };
		7F2B8FE527949DC8005D70C3 /* TagCell.swift */ = {isa = PBXFileReference; lastKnownFileType = sourcecode.swift; path = TagCell.swift; sourceTree = "<group>"; };
		7F2B8FE627949DC8005D70C3 /* TagCell.xib */ = {isa = PBXFileReference; lastKnownFileType = file.xib; path = TagCell.xib; sourceTree = "<group>"; };
		7F2EDDB327BF825A008314D7 /* ProductKind.swift */ = {isa = PBXFileReference; lastKnownFileType = sourcecode.swift; path = ProductKind.swift; sourceTree = "<group>"; };
		7F2EDDB527BF847A008314D7 /* PatternKind.swift */ = {isa = PBXFileReference; lastKnownFileType = sourcecode.swift; path = PatternKind.swift; sourceTree = "<group>"; };
		7F2EDDBF27BF90CB008314D7 /* single_curtain.scn */ = {isa = PBXFileReference; lastKnownFileType = file.bplist; path = single_curtain.scn; sourceTree = "<group>"; };
		7F2EDDC127BF9101008314D7 /* double_curtain.scn */ = {isa = PBXFileReference; lastKnownFileType = file.bplist; path = double_curtain.scn; sourceTree = "<group>"; };
		7F2EDDC327BF937E008314D7 /* PutProductViewController+JonContextMenuDelegate.swift */ = {isa = PBXFileReference; lastKnownFileType = sourcecode.swift; path = "PutProductViewController+JonContextMenuDelegate.swift"; sourceTree = "<group>"; };
		7F363D4A27B351E300EAF791 /* UITextField+Extension.swift */ = {isa = PBXFileReference; lastKnownFileType = sourcecode.swift; path = "UITextField+Extension.swift"; sourceTree = "<group>"; };
		7F42339927AE9AEF00F764F8 /* PutProductViewControllerDelegate.swift */ = {isa = PBXFileReference; lastKnownFileType = sourcecode.swift; path = PutProductViewControllerDelegate.swift; sourceTree = "<group>"; };
		7F42339B27AE9D3700F764F8 /* AddPlaceViewController+UITextFieldDelegate.swift */ = {isa = PBXFileReference; lastKnownFileType = sourcecode.swift; path = "AddPlaceViewController+UITextFieldDelegate.swift"; sourceTree = "<group>"; };
		7F42339D27AE9DCA00F764F8 /* AddPlaceViewController+PutProductViewControllerDelegate.swift */ = {isa = PBXFileReference; lastKnownFileType = sourcecode.swift; path = "AddPlaceViewController+PutProductViewControllerDelegate.swift"; sourceTree = "<group>"; };
		7F49DACD27820F3F00EEFDAE /* ProductCell.swift */ = {isa = PBXFileReference; lastKnownFileType = sourcecode.swift; path = ProductCell.swift; sourceTree = "<group>"; };
		7F49DACE27820F3F00EEFDAE /* ProductCell.xib */ = {isa = PBXFileReference; lastKnownFileType = file.xib; path = ProductCell.xib; sourceTree = "<group>"; };
		7F707119275A140700849598 /* PlaceDetailViewController.swift */ = {isa = PBXFileReference; lastKnownFileType = sourcecode.swift; path = PlaceDetailViewController.swift; sourceTree = "<group>"; };
		7F70711B275A141D00849598 /* PlaceDetail.storyboard */ = {isa = PBXFileReference; lastKnownFileType = file.storyboard; path = PlaceDetail.storyboard; sourceTree = "<group>"; };
		7F748DB027565C700086F26C /* CollectionViewLayout.swift */ = {isa = PBXFileReference; lastKnownFileType = sourcecode.swift; path = CollectionViewLayout.swift; sourceTree = "<group>"; };
		7F748DB2275663D30086F26C /* UICollectionView+Extention.swift */ = {isa = PBXFileReference; lastKnownFileType = sourcecode.swift; path = "UICollectionView+Extention.swift"; sourceTree = "<group>"; };
		7F748DB82756658B0086F26C /* Reusable.swift */ = {isa = PBXFileReference; lastKnownFileType = sourcecode.swift; path = Reusable.swift; sourceTree = "<group>"; };
		7F748DBE27566A640086F26C /* UIColor+Extension.swift */ = {isa = PBXFileReference; lastKnownFileType = sourcecode.swift; path = "UIColor+Extension.swift"; sourceTree = "<group>"; };
		7F7F30A627A8DF4E00264080 /* UIImageView+Extension.swift */ = {isa = PBXFileReference; lastKnownFileType = sourcecode.swift; path = "UIImageView+Extension.swift"; sourceTree = "<group>"; };
		7F8B6E7E2762F083003C98D4 /* Category.swift */ = {isa = PBXFileReference; lastKnownFileType = sourcecode.swift; path = Category.swift; sourceTree = "<group>"; };
		7F8B6E812762FA06003C98D4 /* String+Extension.swift */ = {isa = PBXFileReference; lastKnownFileType = sourcecode.swift; path = "String+Extension.swift"; sourceTree = "<group>"; };
		7F8B6E842762FDC8003C98D4 /* Alert.swift */ = {isa = PBXFileReference; lastKnownFileType = sourcecode.swift; path = Alert.swift; sourceTree = "<group>"; };
		7F8B6E872762FF0F003C98D4 /* AlertMessage.swift */ = {isa = PBXFileReference; lastKnownFileType = sourcecode.swift; path = AlertMessage.swift; sourceTree = "<group>"; };
		7F9DB53927A3893000287134 /* NotificationName+Extension.swift */ = {isa = PBXFileReference; lastKnownFileType = sourcecode.swift; path = "NotificationName+Extension.swift"; sourceTree = "<group>"; };
		7FAFA7B22760F9E700251378 /* UISegmentedControl+Extension.swift */ = {isa = PBXFileReference; lastKnownFileType = sourcecode.swift; path = "UISegmentedControl+Extension.swift"; sourceTree = "<group>"; };
		7FB0B3C02757C4BA00352C0B /* Product.swift */ = {isa = PBXFileReference; lastKnownFileType = sourcecode.swift; path = Product.swift; sourceTree = "<group>"; };
		7FB0B3C42757C75100352C0B /* Place.swift */ = {isa = PBXFileReference; lastKnownFileType = sourcecode.swift; path = Place.swift; sourceTree = "<group>"; };
		7FB0B3C627585B6D00352C0B /* AddPlace.storyboard */ = {isa = PBXFileReference; lastKnownFileType = file.storyboard; path = AddPlace.storyboard; sourceTree = "<group>"; };
		7FBCCBC8275796F6000F9F06 /* UIImage+Extension.swift */ = {isa = PBXFileReference; lastKnownFileType = sourcecode.swift; path = "UIImage+Extension.swift"; sourceTree = "<group>"; };
		7FBCCBCB275797E5000F9F06 /* AppImage.swift */ = {isa = PBXFileReference; lastKnownFileType = sourcecode.swift; path = AppImage.swift; sourceTree = "<group>"; };
		7FBCCBD12757C11E000F9F06 /* RealmManager.swift */ = {isa = PBXFileReference; lastKnownFileType = sourcecode.swift; path = RealmManager.swift; sourceTree = "<group>"; };
		7FC4B4EF279652B7008BC70C /* Tag.swift */ = {isa = PBXFileReference; lastKnownFileType = sourcecode.swift; path = Tag.swift; sourceTree = "<group>"; };
		7FC4B4F12796671B008BC70C /* SizeSliderCell.swift */ = {isa = PBXFileReference; lastKnownFileType = sourcecode.swift; path = SizeSliderCell.swift; sourceTree = "<group>"; };
		7FC4B4F22796671B008BC70C /* SizeSliderCell.xib */ = {isa = PBXFileReference; lastKnownFileType = file.xib; path = SizeSliderCell.xib; sourceTree = "<group>"; };
		7FD5186D2755435000C7642D /* Home.storyboard */ = {isa = PBXFileReference; lastKnownFileType = file.storyboard; path = Home.storyboard; sourceTree = "<group>"; };
		7FD5186F2755436000C7642D /* HomeViewController.swift */ = {isa = PBXFileReference; lastKnownFileType = sourcecode.swift; path = HomeViewController.swift; sourceTree = "<group>"; };
		7FD51874275622E400C7642D /* UIView+Extension.swift */ = {isa = PBXFileReference; lastKnownFileType = sourcecode.swift; path = "UIView+Extension.swift"; sourceTree = "<group>"; };
		7FD5187A2756254100C7642D /* PlaceCell.swift */ = {isa = PBXFileReference; lastKnownFileType = sourcecode.swift; path = PlaceCell.swift; sourceTree = "<group>"; };
		7FD5187B2756254100C7642D /* PlaceCell.xib */ = {isa = PBXFileReference; lastKnownFileType = file.xib; path = PlaceCell.xib; sourceTree = "<group>"; };
		7FE699AD2761AD1400F64618 /* PutProduct.storyboard */ = {isa = PBXFileReference; lastKnownFileType = file.storyboard; path = PutProduct.storyboard; sourceTree = "<group>"; };
		7FE699AF2761AD7700F64618 /* PutProductViewController.swift */ = {isa = PBXFileReference; lastKnownFileType = sourcecode.swift; path = PutProductViewController.swift; sourceTree = "<group>"; };
		7FEDAAFD2798F69B00D5C449 /* ARSCNView+Extension.swift */ = {isa = PBXFileReference; lastKnownFileType = sourcecode.swift; path = "ARSCNView+Extension.swift"; sourceTree = "<group>"; };
		7FEDAB00279907D600D5C449 /* float4x4+Extension.swift */ = {isa = PBXFileReference; lastKnownFileType = sourcecode.swift; path = "float4x4+Extension.swift"; sourceTree = "<group>"; };
		7FEDAB0F27995E7B00D5C449 /* ObjectInteraction.swift */ = {isa = PBXFileReference; lastKnownFileType = sourcecode.swift; path = ObjectInteraction.swift; sourceTree = "<group>"; };
		7FEDAB112799AD4E00D5C449 /* SCNNode+Extension.swift */ = {isa = PBXFileReference; lastKnownFileType = sourcecode.swift; path = "SCNNode+Extension.swift"; sourceTree = "<group>"; };
		7FEDAB142799B1F900D5C449 /* SizeSliderCellDelegate.swift */ = {isa = PBXFileReference; lastKnownFileType = sourcecode.swift; path = SizeSliderCellDelegate.swift; sourceTree = "<group>"; };
		7FEDAB162799BB2900D5C449 /* DirectionalLightNode.swift */ = {isa = PBXFileReference; lastKnownFileType = sourcecode.swift; path = DirectionalLightNode.swift; sourceTree = "<group>"; };
		7FFF8C5827B20B6B00D3660D /* UITextView+Extension.swift */ = {isa = PBXFileReference; lastKnownFileType = sourcecode.swift; path = "UITextView+Extension.swift"; sourceTree = "<group>"; };
		7FFF8C5A27B20F9500D3660D /* UIBarButtonItem+Extension.swift */ = {isa = PBXFileReference; lastKnownFileType = sourcecode.swift; path = "UIBarButtonItem+Extension.swift"; sourceTree = "<group>"; };
		7FFF8C5C27B2324200D3660D /* UIViewController+Extension.swift */ = {isa = PBXFileReference; lastKnownFileType = sourcecode.swift; path = "UIViewController+Extension.swift"; sourceTree = "<group>"; };
		9D420565361AE2BC18F20392 /* Pods-PittanTests.release.xcconfig */ = {isa = PBXFileReference; includeInIndex = 1; lastKnownFileType = text.xcconfig; name = "Pods-PittanTests.release.xcconfig"; path = "Target Support Files/Pods-PittanTests/Pods-PittanTests.release.xcconfig"; sourceTree = "<group>"; };
		F21AEBCEFD1E6916CEC6B893 /* Pods-Pittan-PittanUITests.release.xcconfig */ = {isa = PBXFileReference; includeInIndex = 1; lastKnownFileType = text.xcconfig; name = "Pods-Pittan-PittanUITests.release.xcconfig"; path = "Target Support Files/Pods-Pittan-PittanUITests/Pods-Pittan-PittanUITests.release.xcconfig"; sourceTree = "<group>"; };
		FE6F74BB5E7362BB12A14B60 /* Pods-PittanTests.debug.xcconfig */ = {isa = PBXFileReference; includeInIndex = 1; lastKnownFileType = text.xcconfig; name = "Pods-PittanTests.debug.xcconfig"; path = "Target Support Files/Pods-PittanTests/Pods-PittanTests.debug.xcconfig"; sourceTree = "<group>"; };
/* End PBXFileReference section */

/* Begin PBXFrameworksBuildPhase section */
		7F0A48DF27509B5B00866926 /* Frameworks */ = {
			isa = PBXFrameworksBuildPhase;
			buildActionMask = 2147483647;
			files = (
				97AB7869DFD1654606F5D871 /* Pods_Pittan.framework in Frameworks */,
			);
			runOnlyForDeploymentPostprocessing = 0;
		};
		7F0A48F527509B6000866926 /* Frameworks */ = {
			isa = PBXFrameworksBuildPhase;
			buildActionMask = 2147483647;
			files = (
				9C0ACE1D2A42495AD254EC34 /* Pods_PittanTests.framework in Frameworks */,
			);
			runOnlyForDeploymentPostprocessing = 0;
		};
		7F0A48FF27509B6000866926 /* Frameworks */ = {
			isa = PBXFrameworksBuildPhase;
			buildActionMask = 2147483647;
			files = (
				928912B0BC67AF93A07D5988 /* Pods_Pittan_PittanUITests.framework in Frameworks */,
			);
			runOnlyForDeploymentPostprocessing = 0;
		};
/* End PBXFrameworksBuildPhase section */

/* Begin PBXGroup section */
		7F0A48D927509B5B00866926 = {
			isa = PBXGroup;
			children = (
				7F0A48E427509B5B00866926 /* Pittan */,
				7F0A48FB27509B6000866926 /* PittanTests */,
				7F0A490527509B6000866926 /* PittanUITests */,
				7F0A48E327509B5B00866926 /* Products */,
				BA6AD8F15D33F277F4C10924 /* Pods */,
				A7423C809001D1A6D6CD550B /* Frameworks */,
			);
			sourceTree = "<group>";
		};
		7F0A48E327509B5B00866926 /* Products */ = {
			isa = PBXGroup;
			children = (
				7F0A48E227509B5B00866926 /* Pittan.app */,
				7F0A48F827509B6000866926 /* PittanTests.xctest */,
				7F0A490227509B6000866926 /* PittanUITests.xctest */,
			);
			name = Products;
			sourceTree = "<group>";
		};
		7F0A48E427509B5B00866926 /* Pittan */ = {
			isa = PBXGroup;
			children = (
				7F0A491A27509E0300866926 /* App */,
				7FBCCBD02757C10C000F9F06 /* Manager */,
				7FBCCBCA275797AA000F9F06 /* Utility */,
				7FD518832756422700C7642D /* Model */,
				7F0A491C27509E2800866926 /* View */,
				7F0A491B27509E0D00866926 /* Controller */,
				7FD518712756214B00C7642D /* Extension */,
				7FD518802756408E00C7642D /* Protocol */,
				7F0A48EE27509B6000866926 /* Assets.xcassets */,
				7F2EDDBF27BF90CB008314D7 /* single_curtain.scn */,
				7F2EDDC127BF9101008314D7 /* double_curtain.scn */,
				7F0A48F327509B6000866926 /* Info.plist */,
			);
			path = Pittan;
			sourceTree = "<group>";
		};
		7F0A48FB27509B6000866926 /* PittanTests */ = {
			isa = PBXGroup;
			children = (
				7F0A48FC27509B6000866926 /* PittanTests.swift */,
			);
			path = PittanTests;
			sourceTree = "<group>";
		};
		7F0A490527509B6000866926 /* PittanUITests */ = {
			isa = PBXGroup;
			children = (
				7F0A490627509B6000866926 /* PittanUITests.swift */,
				7F0A490827509B6000866926 /* PittanUITestsLaunchTests.swift */,
			);
			path = PittanUITests;
			sourceTree = "<group>";
		};
		7F0A491A27509E0300866926 /* App */ = {
			isa = PBXGroup;
			children = (
				7F0A48E527509B5B00866926 /* AppDelegate.swift */,
				7F0A48E727509B5B00866926 /* SceneDelegate.swift */,
			);
			path = App;
			sourceTree = "<group>";
		};
		7F0A491B27509E0D00866926 /* Controller */ = {
			isa = PBXGroup;
			children = (
				7F10245F279A43F400440600 /* Home */,
				7F102464279A4BCF00440600 /* AddPlace */,
				7F102465279A4C2200440600 /* PlaceDetail */,
				7F102466279A506600440600 /* PutProduct */,
			);
			path = Controller;
			sourceTree = "<group>";
		};
		7F0A491C27509E2800866926 /* View */ = {
			isa = PBXGroup;
			children = (
				7FD51879275624CD00C7642D /* Screen */,
				7FD518762756248100C7642D /* CollectionViewCell */,
			);
			path = View;
			sourceTree = "<group>";
		};
		7F10245F279A43F400440600 /* Home */ = {
			isa = PBXGroup;
			children = (
				7FD5186F2755436000C7642D /* HomeViewController.swift */,
				7F102460279A442B00440600 /* HomeViewController+UICollectionView.swift */,
				7F102462279A476E00440600 /* HomeViewController+CollectionViewLayout.swift */,
			);
			path = Home;
			sourceTree = "<group>";
		};
		7F102464279A4BCF00440600 /* AddPlace */ = {
			isa = PBXGroup;
			children = (
				7F1393F727585D8F001910EB /* AddPlaceViewController.swift */,
				7F42339B27AE9D3700F764F8 /* AddPlaceViewController+UITextFieldDelegate.swift */,
				7F42339D27AE9DCA00F764F8 /* AddPlaceViewController+PutProductViewControllerDelegate.swift */,
			);
			path = AddPlace;
			sourceTree = "<group>";
		};
		7F102465279A4C2200440600 /* PlaceDetail */ = {
			isa = PBXGroup;
			children = (
				7F707119275A140700849598 /* PlaceDetailViewController.swift */,
			);
			path = PlaceDetail;
			sourceTree = "<group>";
		};
		7F102466279A506600440600 /* PutProduct */ = {
			isa = PBXGroup;
			children = (
				7FE699AF2761AD7700F64618 /* PutProductViewController.swift */,
				7F102467279A508500440600 /* PutProductViewController+UICollectionView.swift */,
				7F10246B279A520000440600 /* PutProductViewController+CollectionViewLayout.swift */,
				7F10246D279A524200440600 /* PutProductViewController+ARCoachingOverlayViewDelegate.swift */,
				7F10246F279A52C700440600 /* PutProductViewController+SizeSliderCellDelegate.swift */,
				7F42339927AE9AEF00F764F8 /* PutProductViewControllerDelegate.swift */,
				7F2EDDC327BF937E008314D7 /* PutProductViewController+JonContextMenuDelegate.swift */,
			);
			path = PutProduct;
			sourceTree = "<group>";
		};
		7F2B8FE927949DCE005D70C3 /* TagCell */ = {
			isa = PBXGroup;
			children = (
				7F2B8FE527949DC8005D70C3 /* TagCell.swift */,
				7F2B8FE627949DC8005D70C3 /* TagCell.xib */,
			);
			path = TagCell;
			sourceTree = "<group>";
		};
		7F49DAD127820F4700EEFDAE /* ProductCell */ = {
			isa = PBXGroup;
			children = (
				7F49DACD27820F3F00EEFDAE /* ProductCell.swift */,
				7F49DACE27820F3F00EEFDAE /* ProductCell.xib */,
			);
			path = ProductCell;
			sourceTree = "<group>";
		};
		7F8B6E802762F96E003C98D4 /* UIKit */ = {
			isa = PBXGroup;
			children = (
				7FFF8C5C27B2324200D3660D /* UIViewController+Extension.swift */,
				7FD51874275622E400C7642D /* UIView+Extension.swift */,
				7F0FC170277445150005A4E4 /* UINavigationBar+Extension.swift */,
				7F748DB2275663D30086F26C /* UICollectionView+Extention.swift */,
				7F748DBE27566A640086F26C /* UIColor+Extension.swift */,
				7FBCCBC8275796F6000F9F06 /* UIImage+Extension.swift */,
				7F7F30A627A8DF4E00264080 /* UIImageView+Extension.swift */,
				7F1393F927586599001910EB /* UIStoryboard+Extension.swift */,
				7FAFA7B22760F9E700251378 /* UISegmentedControl+Extension.swift */,
				7FFF8C5827B20B6B00D3660D /* UITextView+Extension.swift */,
				7F363D4A27B351E300EAF791 /* UITextField+Extension.swift */,
				7FFF8C5A27B20F9500D3660D /* UIBarButtonItem+Extension.swift */,
			);
			path = UIKit;
			sourceTree = "<group>";
		};
		7F8B6E832762FA14003C98D4 /* Foundation */ = {
			isa = PBXGroup;
			children = (
				7F8B6E812762FA06003C98D4 /* String+Extension.swift */,
				7F9DB53927A3893000287134 /* NotificationName+Extension.swift */,
			);
			path = Foundation;
			sourceTree = "<group>";
		};
		7F8B6E862762FEED003C98D4 /* Error */ = {
			isa = PBXGroup;
			children = (
				7F8B6E872762FF0F003C98D4 /* AlertMessage.swift */,
			);
			path = Error;
			sourceTree = "<group>";
		};
		7FBCCBCA275797AA000F9F06 /* Utility */ = {
			isa = PBXGroup;
			children = (
				7FBCCBCB275797E5000F9F06 /* AppImage.swift */,
				7F8B6E7E2762F083003C98D4 /* Category.swift */,
				7F8B6E842762FDC8003C98D4 /* Alert.swift */,
				7FC4B4EF279652B7008BC70C /* Tag.swift */,
				7F2EDDB327BF825A008314D7 /* ProductKind.swift */,
				7F2EDDB527BF847A008314D7 /* PatternKind.swift */,
			);
			path = Utility;
			sourceTree = "<group>";
		};
		7FBCCBCD2757A8A7000F9F06 /* Entity */ = {
			isa = PBXGroup;
			children = (
				7FB0B3C42757C75100352C0B /* Place.swift */,
				7FB0B3C02757C4BA00352C0B /* Product.swift */,
			);
			path = Entity;
			sourceTree = "<group>";
		};
		7FBCCBD02757C10C000F9F06 /* Manager */ = {
			isa = PBXGroup;
			children = (
				7FBCCBD12757C11E000F9F06 /* RealmManager.swift */,
			);
			path = Manager;
			sourceTree = "<group>";
		};
		7FC4B4F527966724008BC70C /* SizeSliderCell */ = {
			isa = PBXGroup;
			children = (
				7FC4B4F12796671B008BC70C /* SizeSliderCell.swift */,
				7FC4B4F22796671B008BC70C /* SizeSliderCell.xib */,
				7FEDAB142799B1F900D5C449 /* SizeSliderCellDelegate.swift */,
			);
			path = SizeSliderCell;
			sourceTree = "<group>";
		};
		7FD518712756214B00C7642D /* Extension */ = {
			isa = PBXGroup;
			children = (
				7F8B6E802762F96E003C98D4 /* UIKit */,
				7F8B6E832762FA14003C98D4 /* Foundation */,
				7FEDAAFF2799078600D5C449 /* ARKit */,
				7FEDAB132799AD9A00D5C449 /* SceneKit */,
			);
			path = Extension;
			sourceTree = "<group>";
		};
		7FD518762756248100C7642D /* CollectionViewCell */ = {
			isa = PBXGroup;
			children = (
				7FD5187F2756255C00C7642D /* PlaceCell */,
				7F49DAD127820F4700EEFDAE /* ProductCell */,
				7F2B8FE927949DCE005D70C3 /* TagCell */,
				7FC4B4F527966724008BC70C /* SizeSliderCell */,
			);
			path = CollectionViewCell;
			sourceTree = "<group>";
		};
		7FD51879275624CD00C7642D /* Screen */ = {
			isa = PBXGroup;
			children = (
				7F0A48F027509B6000866926 /* LaunchScreen.storyboard */,
				7FD5186D2755435000C7642D /* Home.storyboard */,
				7FB0B3C627585B6D00352C0B /* AddPlace.storyboard */,
				7F70711B275A141D00849598 /* PlaceDetail.storyboard */,
				7FE699AD2761AD1400F64618 /* PutProduct.storyboard */,
			);
			path = Screen;
			sourceTree = "<group>";
		};
		7FD5187F2756255C00C7642D /* PlaceCell */ = {
			isa = PBXGroup;
			children = (
				7FD5187A2756254100C7642D /* PlaceCell.swift */,
				7FD5187B2756254100C7642D /* PlaceCell.xib */,
			);
			path = PlaceCell;
			sourceTree = "<group>";
		};
		7FD518802756408E00C7642D /* Protocol */ = {
			isa = PBXGroup;
			children = (
				7F748DB027565C700086F26C /* CollectionViewLayout.swift */,
				7F748DB82756658B0086F26C /* Reusable.swift */,
			);
			path = Protocol;
			sourceTree = "<group>";
		};
		7FD518832756422700C7642D /* Model */ = {
			isa = PBXGroup;
			children = (
				7FEDAB0E27995E5900D5C449 /* Logic */,
				7F8B6E862762FEED003C98D4 /* Error */,
				7FBCCBCD2757A8A7000F9F06 /* Entity */,
			);
			path = Model;
			sourceTree = "<group>";
		};
		7FEDAAFF2799078600D5C449 /* ARKit */ = {
			isa = PBXGroup;
			children = (
				7FEDAAFD2798F69B00D5C449 /* ARSCNView+Extension.swift */,
				7FEDAB00279907D600D5C449 /* float4x4+Extension.swift */,
			);
			path = ARKit;
			sourceTree = "<group>";
		};
		7FEDAB0E27995E5900D5C449 /* Logic */ = {
			isa = PBXGroup;
			children = (
				7FEDAB0F27995E7B00D5C449 /* ObjectInteraction.swift */,
				7FEDAB162799BB2900D5C449 /* DirectionalLightNode.swift */,
			);
			path = Logic;
			sourceTree = "<group>";
		};
		7FEDAB132799AD9A00D5C449 /* SceneKit */ = {
			isa = PBXGroup;
			children = (
				7FEDAB112799AD4E00D5C449 /* SCNNode+Extension.swift */,
			);
			path = SceneKit;
			sourceTree = "<group>";
		};
		A7423C809001D1A6D6CD550B /* Frameworks */ = {
			isa = PBXGroup;
			children = (
				325E3238EB467EBC79784A41 /* Pods_Pittan.framework */,
				19D6FF839A48FA1EBCE5AB9F /* Pods_Pittan_PittanUITests.framework */,
				17AEEC641CF0ABCE44892619 /* Pods_PittanTests.framework */,
			);
			name = Frameworks;
			sourceTree = "<group>";
		};
		BA6AD8F15D33F277F4C10924 /* Pods */ = {
			isa = PBXGroup;
			children = (
				345AF380F4CCCB21CB13679A /* Pods-Pittan.debug.xcconfig */,
				43FD2D357919CB6187CE0403 /* Pods-Pittan.release.xcconfig */,
				539614740AB85FAD2AEF649E /* Pods-Pittan-PittanUITests.debug.xcconfig */,
				F21AEBCEFD1E6916CEC6B893 /* Pods-Pittan-PittanUITests.release.xcconfig */,
				FE6F74BB5E7362BB12A14B60 /* Pods-PittanTests.debug.xcconfig */,
				9D420565361AE2BC18F20392 /* Pods-PittanTests.release.xcconfig */,
			);
			path = Pods;
			sourceTree = "<group>";
		};
/* End PBXGroup section */

/* Begin PBXNativeTarget section */
		7F0A48E127509B5B00866926 /* Pittan */ = {
			isa = PBXNativeTarget;
			buildConfigurationList = 7F0A490C27509B6000866926 /* Build configuration list for PBXNativeTarget "Pittan" */;
			buildPhases = (
				62E5F2E2143251E9BB627CAE /* [CP] Check Pods Manifest.lock */,
				7F0A48DE27509B5B00866926 /* Sources */,
				7F0A48DF27509B5B00866926 /* Frameworks */,
				7F0A48E027509B5B00866926 /* Resources */,
				6E1CEB3DC469338B5C3F1F0A /* [CP] Embed Pods Frameworks */,
			);
			buildRules = (
			);
			dependencies = (
			);
			name = Pittan;
			productName = Pittan;
			productReference = 7F0A48E227509B5B00866926 /* Pittan.app */;
			productType = "com.apple.product-type.application";
		};
		7F0A48F727509B6000866926 /* PittanTests */ = {
			isa = PBXNativeTarget;
			buildConfigurationList = 7F0A490F27509B6000866926 /* Build configuration list for PBXNativeTarget "PittanTests" */;
			buildPhases = (
				286FBD1546ECE68488531A9B /* [CP] Check Pods Manifest.lock */,
				7F0A48F427509B6000866926 /* Sources */,
				7F0A48F527509B6000866926 /* Frameworks */,
				7F0A48F627509B6000866926 /* Resources */,
			);
			buildRules = (
			);
			dependencies = (
				7F0A48FA27509B6000866926 /* PBXTargetDependency */,
			);
			name = PittanTests;
			productName = PittanTests;
			productReference = 7F0A48F827509B6000866926 /* PittanTests.xctest */;
			productType = "com.apple.product-type.bundle.unit-test";
		};
		7F0A490127509B6000866926 /* PittanUITests */ = {
			isa = PBXNativeTarget;
			buildConfigurationList = 7F0A491227509B6000866926 /* Build configuration list for PBXNativeTarget "PittanUITests" */;
			buildPhases = (
				E9A32722636E68BF992716E1 /* [CP] Check Pods Manifest.lock */,
				7F0A48FE27509B6000866926 /* Sources */,
				7F0A48FF27509B6000866926 /* Frameworks */,
				7F0A490027509B6000866926 /* Resources */,
				98C165E5DC3345A095DD042A /* [CP] Embed Pods Frameworks */,
			);
			buildRules = (
			);
			dependencies = (
				7F0A490427509B6000866926 /* PBXTargetDependency */,
			);
			name = PittanUITests;
			productName = PittanUITests;
			productReference = 7F0A490227509B6000866926 /* PittanUITests.xctest */;
			productType = "com.apple.product-type.bundle.ui-testing";
		};
/* End PBXNativeTarget section */

/* Begin PBXProject section */
		7F0A48DA27509B5B00866926 /* Project object */ = {
			isa = PBXProject;
			attributes = {
				BuildIndependentTargetsInParallel = 1;
				LastSwiftUpdateCheck = 1300;
				LastUpgradeCheck = 1300;
				TargetAttributes = {
					7F0A48E127509B5B00866926 = {
						CreatedOnToolsVersion = 13.0;
					};
					7F0A48F727509B6000866926 = {
						CreatedOnToolsVersion = 13.0;
						TestTargetID = 7F0A48E127509B5B00866926;
					};
					7F0A490127509B6000866926 = {
						CreatedOnToolsVersion = 13.0;
						TestTargetID = 7F0A48E127509B5B00866926;
					};
				};
			};
			buildConfigurationList = 7F0A48DD27509B5B00866926 /* Build configuration list for PBXProject "Pittan" */;
			compatibilityVersion = "Xcode 13.0";
			developmentRegion = en;
			hasScannedForEncodings = 0;
			knownRegions = (
				en,
				Base,
			);
			mainGroup = 7F0A48D927509B5B00866926;
			productRefGroup = 7F0A48E327509B5B00866926 /* Products */;
			projectDirPath = "";
			projectRoot = "";
			targets = (
				7F0A48E127509B5B00866926 /* Pittan */,
				7F0A48F727509B6000866926 /* PittanTests */,
				7F0A490127509B6000866926 /* PittanUITests */,
			);
		};
/* End PBXProject section */

/* Begin PBXResourcesBuildPhase section */
		7F0A48E027509B5B00866926 /* Resources */ = {
			isa = PBXResourcesBuildPhase;
			buildActionMask = 2147483647;
			files = (
				7FE699AE2761AD1400F64618 /* PutProduct.storyboard in Resources */,
				7FC4B4F42796671B008BC70C /* SizeSliderCell.xib in Resources */,
				7F49DAD027820F3F00EEFDAE /* ProductCell.xib in Resources */,
				7FD5186E2755435000C7642D /* Home.storyboard in Resources */,
				7F2B8FE827949DC8005D70C3 /* TagCell.xib in Resources */,
				7F0A48F227509B6000866926 /* LaunchScreen.storyboard in Resources */,
				7FB0B3C727585B6D00352C0B /* AddPlace.storyboard in Resources */,
				7F2EDDC027BF90CB008314D7 /* single_curtain.scn in Resources */,
				7F70711C275A141D00849598 /* PlaceDetail.storyboard in Resources */,
				7F2EDDC227BF9101008314D7 /* double_curtain.scn in Resources */,
				7F0A48EF27509B6000866926 /* Assets.xcassets in Resources */,
				7FD5187D2756254100C7642D /* PlaceCell.xib in Resources */,
			);
			runOnlyForDeploymentPostprocessing = 0;
		};
		7F0A48F627509B6000866926 /* Resources */ = {
			isa = PBXResourcesBuildPhase;
			buildActionMask = 2147483647;
			files = (
			);
			runOnlyForDeploymentPostprocessing = 0;
		};
		7F0A490027509B6000866926 /* Resources */ = {
			isa = PBXResourcesBuildPhase;
			buildActionMask = 2147483647;
			files = (
			);
			runOnlyForDeploymentPostprocessing = 0;
		};
/* End PBXResourcesBuildPhase section */

/* Begin PBXShellScriptBuildPhase section */
		286FBD1546ECE68488531A9B /* [CP] Check Pods Manifest.lock */ = {
			isa = PBXShellScriptBuildPhase;
			buildActionMask = 2147483647;
			files = (
			);
			inputFileListPaths = (
			);
			inputPaths = (
				"${PODS_PODFILE_DIR_PATH}/Podfile.lock",
				"${PODS_ROOT}/Manifest.lock",
			);
			name = "[CP] Check Pods Manifest.lock";
			outputFileListPaths = (
			);
			outputPaths = (
				"$(DERIVED_FILE_DIR)/Pods-PittanTests-checkManifestLockResult.txt",
			);
			runOnlyForDeploymentPostprocessing = 0;
			shellPath = /bin/sh;
			shellScript = "diff \"${PODS_PODFILE_DIR_PATH}/Podfile.lock\" \"${PODS_ROOT}/Manifest.lock\" > /dev/null\nif [ $? != 0 ] ; then\n    # print error to STDERR\n    echo \"error: The sandbox is not in sync with the Podfile.lock. Run 'pod install' or update your CocoaPods installation.\" >&2\n    exit 1\nfi\n# This output is used by Xcode 'outputs' to avoid re-running this script phase.\necho \"SUCCESS\" > \"${SCRIPT_OUTPUT_FILE_0}\"\n";
			showEnvVarsInLog = 0;
		};
		62E5F2E2143251E9BB627CAE /* [CP] Check Pods Manifest.lock */ = {
			isa = PBXShellScriptBuildPhase;
			buildActionMask = 2147483647;
			files = (
			);
			inputFileListPaths = (
			);
			inputPaths = (
				"${PODS_PODFILE_DIR_PATH}/Podfile.lock",
				"${PODS_ROOT}/Manifest.lock",
			);
			name = "[CP] Check Pods Manifest.lock";
			outputFileListPaths = (
			);
			outputPaths = (
				"$(DERIVED_FILE_DIR)/Pods-Pittan-checkManifestLockResult.txt",
			);
			runOnlyForDeploymentPostprocessing = 0;
			shellPath = /bin/sh;
			shellScript = "diff \"${PODS_PODFILE_DIR_PATH}/Podfile.lock\" \"${PODS_ROOT}/Manifest.lock\" > /dev/null\nif [ $? != 0 ] ; then\n    # print error to STDERR\n    echo \"error: The sandbox is not in sync with the Podfile.lock. Run 'pod install' or update your CocoaPods installation.\" >&2\n    exit 1\nfi\n# This output is used by Xcode 'outputs' to avoid re-running this script phase.\necho \"SUCCESS\" > \"${SCRIPT_OUTPUT_FILE_0}\"\n";
			showEnvVarsInLog = 0;
		};
		6E1CEB3DC469338B5C3F1F0A /* [CP] Embed Pods Frameworks */ = {
			isa = PBXShellScriptBuildPhase;
			buildActionMask = 2147483647;
			files = (
			);
			inputFileListPaths = (
				"${PODS_ROOT}/Target Support Files/Pods-Pittan/Pods-Pittan-frameworks-${CONFIGURATION}-input-files.xcfilelist",
			);
			name = "[CP] Embed Pods Frameworks";
			outputFileListPaths = (
				"${PODS_ROOT}/Target Support Files/Pods-Pittan/Pods-Pittan-frameworks-${CONFIGURATION}-output-files.xcfilelist",
			);
			runOnlyForDeploymentPostprocessing = 0;
			shellPath = /bin/sh;
			shellScript = "\"${PODS_ROOT}/Target Support Files/Pods-Pittan/Pods-Pittan-frameworks.sh\"\n";
			showEnvVarsInLog = 0;
		};
		98C165E5DC3345A095DD042A /* [CP] Embed Pods Frameworks */ = {
			isa = PBXShellScriptBuildPhase;
			buildActionMask = 2147483647;
			files = (
			);
			inputFileListPaths = (
				"${PODS_ROOT}/Target Support Files/Pods-Pittan-PittanUITests/Pods-Pittan-PittanUITests-frameworks-${CONFIGURATION}-input-files.xcfilelist",
			);
			name = "[CP] Embed Pods Frameworks";
			outputFileListPaths = (
				"${PODS_ROOT}/Target Support Files/Pods-Pittan-PittanUITests/Pods-Pittan-PittanUITests-frameworks-${CONFIGURATION}-output-files.xcfilelist",
			);
			runOnlyForDeploymentPostprocessing = 0;
			shellPath = /bin/sh;
			shellScript = "\"${PODS_ROOT}/Target Support Files/Pods-Pittan-PittanUITests/Pods-Pittan-PittanUITests-frameworks.sh\"\n";
			showEnvVarsInLog = 0;
		};
		E9A32722636E68BF992716E1 /* [CP] Check Pods Manifest.lock */ = {
			isa = PBXShellScriptBuildPhase;
			buildActionMask = 2147483647;
			files = (
			);
			inputFileListPaths = (
			);
			inputPaths = (
				"${PODS_PODFILE_DIR_PATH}/Podfile.lock",
				"${PODS_ROOT}/Manifest.lock",
			);
			name = "[CP] Check Pods Manifest.lock";
			outputFileListPaths = (
			);
			outputPaths = (
				"$(DERIVED_FILE_DIR)/Pods-Pittan-PittanUITests-checkManifestLockResult.txt",
			);
			runOnlyForDeploymentPostprocessing = 0;
			shellPath = /bin/sh;
			shellScript = "diff \"${PODS_PODFILE_DIR_PATH}/Podfile.lock\" \"${PODS_ROOT}/Manifest.lock\" > /dev/null\nif [ $? != 0 ] ; then\n    # print error to STDERR\n    echo \"error: The sandbox is not in sync with the Podfile.lock. Run 'pod install' or update your CocoaPods installation.\" >&2\n    exit 1\nfi\n# This output is used by Xcode 'outputs' to avoid re-running this script phase.\necho \"SUCCESS\" > \"${SCRIPT_OUTPUT_FILE_0}\"\n";
			showEnvVarsInLog = 0;
		};
/* End PBXShellScriptBuildPhase section */

/* Begin PBXSourcesBuildPhase section */
		7F0A48DE27509B5B00866926 /* Sources */ = {
			isa = PBXSourcesBuildPhase;
			buildActionMask = 2147483647;
			files = (
				7FFF8C5D27B2324200D3660D /* UIViewController+Extension.swift in Sources */,
				7F2B8FE727949DC8005D70C3 /* TagCell.swift in Sources */,
				7FEDAB172799BB2900D5C449 /* DirectionalLightNode.swift in Sources */,
				7F10246E279A524200440600 /* PutProductViewController+ARCoachingOverlayViewDelegate.swift in Sources */,
				7FBCCBD22757C11E000F9F06 /* RealmManager.swift in Sources */,
				7F8B6E882762FF0F003C98D4 /* AlertMessage.swift in Sources */,
				7F0A48E627509B5B00866926 /* AppDelegate.swift in Sources */,
				7F42339E27AE9DCA00F764F8 /* AddPlaceViewController+PutProductViewControllerDelegate.swift in Sources */,
				7F9DB53A27A3893000287134 /* NotificationName+Extension.swift in Sources */,
				7FAFA7B32760F9E700251378 /* UISegmentedControl+Extension.swift in Sources */,
				7FE699B02761AD7700F64618 /* PutProductViewController.swift in Sources */,
				7F10246C279A520000440600 /* PutProductViewController+CollectionViewLayout.swift in Sources */,
				7FEDAB1027995E7B00D5C449 /* ObjectInteraction.swift in Sources */,
				7FEDAB152799B1F900D5C449 /* SizeSliderCellDelegate.swift in Sources */,
				7F102468279A508500440600 /* PutProductViewController+UICollectionView.swift in Sources */,
				7F748DB127565C700086F26C /* CollectionViewLayout.swift in Sources */,
				7FFF8C5B27B20F9500D3660D /* UIBarButtonItem+Extension.swift in Sources */,
				7F8B6E852762FDC8003C98D4 /* Alert.swift in Sources */,
				7F1393F827585D8F001910EB /* AddPlaceViewController.swift in Sources */,
				7F748DB3275663D30086F26C /* UICollectionView+Extention.swift in Sources */,
				7F748DB92756658B0086F26C /* Reusable.swift in Sources */,
				7FD5187C2756254100C7642D /* PlaceCell.swift in Sources */,
				7F0FC171277445150005A4E4 /* UINavigationBar+Extension.swift in Sources */,
				7FBCCBCC275797E5000F9F06 /* AppImage.swift in Sources */,
				7F49DACF27820F3F00EEFDAE /* ProductCell.swift in Sources */,
				7FEDAB122799AD4E00D5C449 /* SCNNode+Extension.swift in Sources */,
				7FEDAB01279907D600D5C449 /* float4x4+Extension.swift in Sources */,
				7F8B6E822762FA06003C98D4 /* String+Extension.swift in Sources */,
				7F70711A275A140800849598 /* PlaceDetailViewController.swift in Sources */,
				7F42339C27AE9D3700F764F8 /* AddPlaceViewController+UITextFieldDelegate.swift in Sources */,
				7F363D4B27B351E300EAF791 /* UITextField+Extension.swift in Sources */,
				7F1393FA27586599001910EB /* UIStoryboard+Extension.swift in Sources */,
				7F0A48E827509B5B00866926 /* SceneDelegate.swift in Sources */,
				7F2EDDB427BF825A008314D7 /* ProductKind.swift in Sources */,
				7F7F30A727A8DF4E00264080 /* UIImageView+Extension.swift in Sources */,
				7FB0B3C52757C75200352C0B /* Place.swift in Sources */,
				7F2EDDC427BF937E008314D7 /* PutProductViewController+JonContextMenuDelegate.swift in Sources */,
				7FD51875275622E400C7642D /* UIView+Extension.swift in Sources */,
				7F102470279A52C700440600 /* PutProductViewController+SizeSliderCellDelegate.swift in Sources */,
				7F2EDDB627BF847A008314D7 /* PatternKind.swift in Sources */,
				7FEDAAFE2798F69B00D5C449 /* ARSCNView+Extension.swift in Sources */,
				7FC4B4F32796671B008BC70C /* SizeSliderCell.swift in Sources */,
				7FFF8C5927B20B6B00D3660D /* UITextView+Extension.swift in Sources */,
				7F102463279A476E00440600 /* HomeViewController+CollectionViewLayout.swift in Sources */,
				7FD518702755436000C7642D /* HomeViewController.swift in Sources */,
				7FBCCBC9275796F7000F9F06 /* UIImage+Extension.swift in Sources */,
				7F748DBF27566A640086F26C /* UIColor+Extension.swift in Sources */,
				7FB0B3C12757C4BA00352C0B /* Product.swift in Sources */,
				7FC4B4F0279652B7008BC70C /* Tag.swift in Sources */,
				7F42339A27AE9AEF00F764F8 /* PutProductViewControllerDelegate.swift in Sources */,
				7F8B6E7F2762F083003C98D4 /* Category.swift in Sources */,
				7F102461279A442B00440600 /* HomeViewController+UICollectionView.swift in Sources */,
			);
			runOnlyForDeploymentPostprocessing = 0;
		};
		7F0A48F427509B6000866926 /* Sources */ = {
			isa = PBXSourcesBuildPhase;
			buildActionMask = 2147483647;
			files = (
				7F0A48FD27509B6000866926 /* PittanTests.swift in Sources */,
			);
			runOnlyForDeploymentPostprocessing = 0;
		};
		7F0A48FE27509B6000866926 /* Sources */ = {
			isa = PBXSourcesBuildPhase;
			buildActionMask = 2147483647;
			files = (
				7F0A490927509B6000866926 /* PittanUITestsLaunchTests.swift in Sources */,
				7F0A490727509B6000866926 /* PittanUITests.swift in Sources */,
			);
			runOnlyForDeploymentPostprocessing = 0;
		};
/* End PBXSourcesBuildPhase section */

/* Begin PBXTargetDependency section */
		7F0A48FA27509B6000866926 /* PBXTargetDependency */ = {
			isa = PBXTargetDependency;
			target = 7F0A48E127509B5B00866926 /* Pittan */;
			targetProxy = 7F0A48F927509B6000866926 /* PBXContainerItemProxy */;
		};
		7F0A490427509B6000866926 /* PBXTargetDependency */ = {
			isa = PBXTargetDependency;
			target = 7F0A48E127509B5B00866926 /* Pittan */;
			targetProxy = 7F0A490327509B6000866926 /* PBXContainerItemProxy */;
		};
/* End PBXTargetDependency section */

/* Begin PBXVariantGroup section */
		7F0A48F027509B6000866926 /* LaunchScreen.storyboard */ = {
			isa = PBXVariantGroup;
			children = (
				7F0A48F127509B6000866926 /* Base */,
			);
			name = LaunchScreen.storyboard;
			sourceTree = "<group>";
		};
/* End PBXVariantGroup section */

/* Begin XCBuildConfiguration section */
		7F0A490A27509B6000866926 /* Debug */ = {
			isa = XCBuildConfiguration;
			buildSettings = {
				ALWAYS_SEARCH_USER_PATHS = NO;
				CLANG_ANALYZER_NONNULL = YES;
				CLANG_ANALYZER_NUMBER_OBJECT_CONVERSION = YES_AGGRESSIVE;
				CLANG_CXX_LANGUAGE_STANDARD = "gnu++17";
				CLANG_CXX_LIBRARY = "libc++";
				CLANG_ENABLE_MODULES = YES;
				CLANG_ENABLE_OBJC_ARC = YES;
				CLANG_ENABLE_OBJC_WEAK = YES;
				CLANG_WARN_BLOCK_CAPTURE_AUTORELEASING = YES;
				CLANG_WARN_BOOL_CONVERSION = YES;
				CLANG_WARN_COMMA = YES;
				CLANG_WARN_CONSTANT_CONVERSION = YES;
				CLANG_WARN_DEPRECATED_OBJC_IMPLEMENTATIONS = YES;
				CLANG_WARN_DIRECT_OBJC_ISA_USAGE = YES_ERROR;
				CLANG_WARN_DOCUMENTATION_COMMENTS = YES;
				CLANG_WARN_EMPTY_BODY = YES;
				CLANG_WARN_ENUM_CONVERSION = YES;
				CLANG_WARN_INFINITE_RECURSION = YES;
				CLANG_WARN_INT_CONVERSION = YES;
				CLANG_WARN_NON_LITERAL_NULL_CONVERSION = YES;
				CLANG_WARN_OBJC_IMPLICIT_RETAIN_SELF = YES;
				CLANG_WARN_OBJC_LITERAL_CONVERSION = YES;
				CLANG_WARN_OBJC_ROOT_CLASS = YES_ERROR;
				CLANG_WARN_QUOTED_INCLUDE_IN_FRAMEWORK_HEADER = YES;
				CLANG_WARN_RANGE_LOOP_ANALYSIS = YES;
				CLANG_WARN_STRICT_PROTOTYPES = YES;
				CLANG_WARN_SUSPICIOUS_MOVE = YES;
				CLANG_WARN_UNGUARDED_AVAILABILITY = YES_AGGRESSIVE;
				CLANG_WARN_UNREACHABLE_CODE = YES;
				CLANG_WARN__DUPLICATE_METHOD_MATCH = YES;
				COPY_PHASE_STRIP = NO;
				DEBUG_INFORMATION_FORMAT = dwarf;
				ENABLE_STRICT_OBJC_MSGSEND = YES;
				ENABLE_TESTABILITY = YES;
				GCC_C_LANGUAGE_STANDARD = gnu11;
				GCC_DYNAMIC_NO_PIC = NO;
				GCC_NO_COMMON_BLOCKS = YES;
				GCC_OPTIMIZATION_LEVEL = 0;
				GCC_PREPROCESSOR_DEFINITIONS = (
					"DEBUG=1",
					"$(inherited)",
				);
				GCC_WARN_64_TO_32_BIT_CONVERSION = YES;
				GCC_WARN_ABOUT_RETURN_TYPE = YES_ERROR;
				GCC_WARN_UNDECLARED_SELECTOR = YES;
				GCC_WARN_UNINITIALIZED_AUTOS = YES_AGGRESSIVE;
				GCC_WARN_UNUSED_FUNCTION = YES;
				GCC_WARN_UNUSED_VARIABLE = YES;
				IPHONEOS_DEPLOYMENT_TARGET = 15.0;
				MTL_ENABLE_DEBUG_INFO = INCLUDE_SOURCE;
				MTL_FAST_MATH = YES;
				ONLY_ACTIVE_ARCH = YES;
				SDKROOT = iphoneos;
				SWIFT_ACTIVE_COMPILATION_CONDITIONS = DEBUG;
				SWIFT_OPTIMIZATION_LEVEL = "-Onone";
			};
			name = Debug;
		};
		7F0A490B27509B6000866926 /* Release */ = {
			isa = XCBuildConfiguration;
			buildSettings = {
				ALWAYS_SEARCH_USER_PATHS = NO;
				CLANG_ANALYZER_NONNULL = YES;
				CLANG_ANALYZER_NUMBER_OBJECT_CONVERSION = YES_AGGRESSIVE;
				CLANG_CXX_LANGUAGE_STANDARD = "gnu++17";
				CLANG_CXX_LIBRARY = "libc++";
				CLANG_ENABLE_MODULES = YES;
				CLANG_ENABLE_OBJC_ARC = YES;
				CLANG_ENABLE_OBJC_WEAK = YES;
				CLANG_WARN_BLOCK_CAPTURE_AUTORELEASING = YES;
				CLANG_WARN_BOOL_CONVERSION = YES;
				CLANG_WARN_COMMA = YES;
				CLANG_WARN_CONSTANT_CONVERSION = YES;
				CLANG_WARN_DEPRECATED_OBJC_IMPLEMENTATIONS = YES;
				CLANG_WARN_DIRECT_OBJC_ISA_USAGE = YES_ERROR;
				CLANG_WARN_DOCUMENTATION_COMMENTS = YES;
				CLANG_WARN_EMPTY_BODY = YES;
				CLANG_WARN_ENUM_CONVERSION = YES;
				CLANG_WARN_INFINITE_RECURSION = YES;
				CLANG_WARN_INT_CONVERSION = YES;
				CLANG_WARN_NON_LITERAL_NULL_CONVERSION = YES;
				CLANG_WARN_OBJC_IMPLICIT_RETAIN_SELF = YES;
				CLANG_WARN_OBJC_LITERAL_CONVERSION = YES;
				CLANG_WARN_OBJC_ROOT_CLASS = YES_ERROR;
				CLANG_WARN_QUOTED_INCLUDE_IN_FRAMEWORK_HEADER = YES;
				CLANG_WARN_RANGE_LOOP_ANALYSIS = YES;
				CLANG_WARN_STRICT_PROTOTYPES = YES;
				CLANG_WARN_SUSPICIOUS_MOVE = YES;
				CLANG_WARN_UNGUARDED_AVAILABILITY = YES_AGGRESSIVE;
				CLANG_WARN_UNREACHABLE_CODE = YES;
				CLANG_WARN__DUPLICATE_METHOD_MATCH = YES;
				COPY_PHASE_STRIP = NO;
				DEBUG_INFORMATION_FORMAT = "dwarf-with-dsym";
				ENABLE_NS_ASSERTIONS = NO;
				ENABLE_STRICT_OBJC_MSGSEND = YES;
				GCC_C_LANGUAGE_STANDARD = gnu11;
				GCC_NO_COMMON_BLOCKS = YES;
				GCC_WARN_64_TO_32_BIT_CONVERSION = YES;
				GCC_WARN_ABOUT_RETURN_TYPE = YES_ERROR;
				GCC_WARN_UNDECLARED_SELECTOR = YES;
				GCC_WARN_UNINITIALIZED_AUTOS = YES_AGGRESSIVE;
				GCC_WARN_UNUSED_FUNCTION = YES;
				GCC_WARN_UNUSED_VARIABLE = YES;
				IPHONEOS_DEPLOYMENT_TARGET = 15.0;
				MTL_ENABLE_DEBUG_INFO = NO;
				MTL_FAST_MATH = YES;
				SDKROOT = iphoneos;
				SWIFT_COMPILATION_MODE = wholemodule;
				SWIFT_OPTIMIZATION_LEVEL = "-O";
				VALIDATE_PRODUCT = YES;
			};
			name = Release;
		};
		7F0A490D27509B6000866926 /* Debug */ = {
			isa = XCBuildConfiguration;
			baseConfigurationReference = 345AF380F4CCCB21CB13679A /* Pods-Pittan.debug.xcconfig */;
			buildSettings = {
				ASSETCATALOG_COMPILER_APPICON_NAME = AppIcon;
				ASSETCATALOG_COMPILER_GLOBAL_ACCENT_COLOR_NAME = AccentColor;
				CODE_SIGN_STYLE = Automatic;
				CURRENT_PROJECT_VERSION = 1;
				DEVELOPMENT_TEAM = MZV473SPTS;
				GENERATE_INFOPLIST_FILE = YES;
				INFOPLIST_FILE = Pittan/Info.plist;
				INFOPLIST_KEY_NSCameraUsageDescription = "拡張現実を使用するのでカメラを起動します";
				INFOPLIST_KEY_UIApplicationSupportsIndirectInputEvents = YES;
				INFOPLIST_KEY_UILaunchStoryboardName = LaunchScreen;
				INFOPLIST_KEY_UIMainStoryboardFile = Home;
				INFOPLIST_KEY_UISupportedInterfaceOrientations_iPad = "UIInterfaceOrientationPortrait UIInterfaceOrientationPortraitUpsideDown UIInterfaceOrientationLandscapeLeft UIInterfaceOrientationLandscapeRight";
				INFOPLIST_KEY_UISupportedInterfaceOrientations_iPhone = UIInterfaceOrientationPortrait;
				IPHONEOS_DEPLOYMENT_TARGET = 14.0;
				LD_RUNPATH_SEARCH_PATHS = (
					"$(inherited)",
					"@executable_path/Frameworks",
				);
				MARKETING_VERSION = 1.0;
				PRODUCT_BUNDLE_IDENTIFIER = jp.ac.jec.20cm0123.Pittan;
				PRODUCT_NAME = "$(TARGET_NAME)";
				SWIFT_EMIT_LOC_STRINGS = YES;
				SWIFT_VERSION = 5.0;
				TARGETED_DEVICE_FAMILY = "1,2";
			};
			name = Debug;
		};
		7F0A490E27509B6000866926 /* Release */ = {
			isa = XCBuildConfiguration;
			baseConfigurationReference = 43FD2D357919CB6187CE0403 /* Pods-Pittan.release.xcconfig */;
			buildSettings = {
				ASSETCATALOG_COMPILER_APPICON_NAME = AppIcon;
				ASSETCATALOG_COMPILER_GLOBAL_ACCENT_COLOR_NAME = AccentColor;
				CODE_SIGN_STYLE = Automatic;
				CURRENT_PROJECT_VERSION = 1;
				DEVELOPMENT_TEAM = MZV473SPTS;
				GENERATE_INFOPLIST_FILE = YES;
				INFOPLIST_FILE = Pittan/Info.plist;
				INFOPLIST_KEY_NSCameraUsageDescription = "拡張現実を使用するのでカメラを起動します";
				INFOPLIST_KEY_UIApplicationSupportsIndirectInputEvents = YES;
				INFOPLIST_KEY_UILaunchStoryboardName = LaunchScreen;
				INFOPLIST_KEY_UIMainStoryboardFile = Home;
				INFOPLIST_KEY_UISupportedInterfaceOrientations_iPad = "UIInterfaceOrientationPortrait UIInterfaceOrientationPortraitUpsideDown UIInterfaceOrientationLandscapeLeft UIInterfaceOrientationLandscapeRight";
				INFOPLIST_KEY_UISupportedInterfaceOrientations_iPhone = UIInterfaceOrientationPortrait;
				IPHONEOS_DEPLOYMENT_TARGET = 14.0;
				LD_RUNPATH_SEARCH_PATHS = (
					"$(inherited)",
					"@executable_path/Frameworks",
				);
				MARKETING_VERSION = 1.0;
				PRODUCT_BUNDLE_IDENTIFIER = jp.ac.jec.20cm0123.Pittan;
				PRODUCT_NAME = "$(TARGET_NAME)";
				SWIFT_EMIT_LOC_STRINGS = YES;
				SWIFT_VERSION = 5.0;
				TARGETED_DEVICE_FAMILY = "1,2";
			};
			name = Release;
		};
		7F0A491027509B6000866926 /* Debug */ = {
			isa = XCBuildConfiguration;
			baseConfigurationReference = FE6F74BB5E7362BB12A14B60 /* Pods-PittanTests.debug.xcconfig */;
			buildSettings = {
				ALWAYS_EMBED_SWIFT_STANDARD_LIBRARIES = YES;
				BUNDLE_LOADER = "$(TEST_HOST)";
				CODE_SIGN_STYLE = Automatic;
				CURRENT_PROJECT_VERSION = 1;
				DEVELOPMENT_TEAM = MZV473SPTS;
				GENERATE_INFOPLIST_FILE = YES;
				IPHONEOS_DEPLOYMENT_TARGET = 15.0;
				LD_RUNPATH_SEARCH_PATHS = (
					"$(inherited)",
					"@executable_path/Frameworks",
					"@loader_path/Frameworks",
				);
				MARKETING_VERSION = 1.0;
				PRODUCT_BUNDLE_IDENTIFIER = jp.ac.jec.20cm0123.PittanTests;
				PRODUCT_NAME = "$(TARGET_NAME)";
				SWIFT_EMIT_LOC_STRINGS = NO;
				SWIFT_VERSION = 5.0;
				TARGETED_DEVICE_FAMILY = "1,2";
				TEST_HOST = "$(BUILT_PRODUCTS_DIR)/Pittan.app/Pittan";
			};
			name = Debug;
		};
		7F0A491127509B6000866926 /* Release */ = {
			isa = XCBuildConfiguration;
			baseConfigurationReference = 9D420565361AE2BC18F20392 /* Pods-PittanTests.release.xcconfig */;
			buildSettings = {
				ALWAYS_EMBED_SWIFT_STANDARD_LIBRARIES = YES;
				BUNDLE_LOADER = "$(TEST_HOST)";
				CODE_SIGN_STYLE = Automatic;
				CURRENT_PROJECT_VERSION = 1;
				DEVELOPMENT_TEAM = MZV473SPTS;
				GENERATE_INFOPLIST_FILE = YES;
				IPHONEOS_DEPLOYMENT_TARGET = 15.0;
				LD_RUNPATH_SEARCH_PATHS = (
					"$(inherited)",
					"@executable_path/Frameworks",
					"@loader_path/Frameworks",
				);
				MARKETING_VERSION = 1.0;
				PRODUCT_BUNDLE_IDENTIFIER = jp.ac.jec.20cm0123.PittanTests;
				PRODUCT_NAME = "$(TARGET_NAME)";
				SWIFT_EMIT_LOC_STRINGS = NO;
				SWIFT_VERSION = 5.0;
				TARGETED_DEVICE_FAMILY = "1,2";
				TEST_HOST = "$(BUILT_PRODUCTS_DIR)/Pittan.app/Pittan";
			};
			name = Release;
		};
		7F0A491327509B6000866926 /* Debug */ = {
			isa = XCBuildConfiguration;
			baseConfigurationReference = 539614740AB85FAD2AEF649E /* Pods-Pittan-PittanUITests.debug.xcconfig */;
			buildSettings = {
				ALWAYS_EMBED_SWIFT_STANDARD_LIBRARIES = YES;
				CODE_SIGN_STYLE = Automatic;
				CURRENT_PROJECT_VERSION = 1;
				DEVELOPMENT_TEAM = MZV473SPTS;
				GENERATE_INFOPLIST_FILE = YES;
				LD_RUNPATH_SEARCH_PATHS = (
					"$(inherited)",
					"@executable_path/Frameworks",
					"@loader_path/Frameworks",
				);
				MARKETING_VERSION = 1.0;
				PRODUCT_BUNDLE_IDENTIFIER = jp.ac.jec.20cm0123.PittanUITests;
				PRODUCT_NAME = "$(TARGET_NAME)";
				SWIFT_EMIT_LOC_STRINGS = NO;
				SWIFT_VERSION = 5.0;
				TARGETED_DEVICE_FAMILY = "1,2";
				TEST_TARGET_NAME = Pittan;
			};
			name = Debug;
		};
		7F0A491427509B6000866926 /* Release */ = {
			isa = XCBuildConfiguration;
			baseConfigurationReference = F21AEBCEFD1E6916CEC6B893 /* Pods-Pittan-PittanUITests.release.xcconfig */;
			buildSettings = {
				ALWAYS_EMBED_SWIFT_STANDARD_LIBRARIES = YES;
				CODE_SIGN_STYLE = Automatic;
				CURRENT_PROJECT_VERSION = 1;
				DEVELOPMENT_TEAM = MZV473SPTS;
				GENERATE_INFOPLIST_FILE = YES;
				LD_RUNPATH_SEARCH_PATHS = (
					"$(inherited)",
					"@executable_path/Frameworks",
					"@loader_path/Frameworks",
				);
				MARKETING_VERSION = 1.0;
				PRODUCT_BUNDLE_IDENTIFIER = jp.ac.jec.20cm0123.PittanUITests;
				PRODUCT_NAME = "$(TARGET_NAME)";
				SWIFT_EMIT_LOC_STRINGS = NO;
				SWIFT_VERSION = 5.0;
				TARGETED_DEVICE_FAMILY = "1,2";
				TEST_TARGET_NAME = Pittan;
			};
			name = Release;
		};
/* End XCBuildConfiguration section */

/* Begin XCConfigurationList section */
		7F0A48DD27509B5B00866926 /* Build configuration list for PBXProject "Pittan" */ = {
			isa = XCConfigurationList;
			buildConfigurations = (
				7F0A490A27509B6000866926 /* Debug */,
				7F0A490B27509B6000866926 /* Release */,
			);
			defaultConfigurationIsVisible = 0;
			defaultConfigurationName = Release;
		};
		7F0A490C27509B6000866926 /* Build configuration list for PBXNativeTarget "Pittan" */ = {
			isa = XCConfigurationList;
			buildConfigurations = (
				7F0A490D27509B6000866926 /* Debug */,
				7F0A490E27509B6000866926 /* Release */,
			);
			defaultConfigurationIsVisible = 0;
			defaultConfigurationName = Release;
		};
		7F0A490F27509B6000866926 /* Build configuration list for PBXNativeTarget "PittanTests" */ = {
			isa = XCConfigurationList;
			buildConfigurations = (
				7F0A491027509B6000866926 /* Debug */,
				7F0A491127509B6000866926 /* Release */,
			);
			defaultConfigurationIsVisible = 0;
			defaultConfigurationName = Release;
		};
		7F0A491227509B6000866926 /* Build configuration list for PBXNativeTarget "PittanUITests" */ = {
			isa = XCConfigurationList;
			buildConfigurations = (
				7F0A491327509B6000866926 /* Debug */,
				7F0A491427509B6000866926 /* Release */,
			);
			defaultConfigurationIsVisible = 0;
			defaultConfigurationName = Release;
		};
/* End XCConfigurationList section */
	};
	rootObject = 7F0A48DA27509B5B00866926 /* Project object */;
}
